
Microsoft Visual Studio Solution File, Format Version 12.00
# Visual Studio 14
VisualStudioVersion = 14.0.25123.0
MinimumVisualStudioVersion = 10.0.40219.1
Project("{FAE04EC0-301F-11D3-BF4B-00C04F79EFBC}") = "HotsBpHelper", "HotsBpHelper\HotsBpHelper.csproj", "{03E7490D-1FB2-4E59-8B83-8DD3A6F0E137}"
EndProject
Project("{FAE04EC0-301F-11D3-BF4B-00C04F79EFBC}") = "ImageProcessor", "ImageProcessor\ImageProcessor.csproj", "{F726A9C5-3C1F-4082-AEC2-8B642AB3EA69}"
EndProject
Project("{FAE04EC0-301F-11D3-BF4B-00C04F79EFBC}") = "CaptureTest", "CaptureTest\CaptureTest.csproj", "{7E3CB290-3017-4F08-B0FB-711B8C3281E1}"
EndProject
Project("{2150E333-8FDC-42A3-9474-1A3956D46DE8}") = "Solution Items", "Solution Items", "{B88EDAB5-DF5A-485A-9524-FC94D2C7E8A4}"
	ProjectSection(SolutionItems) = preProject
		Performance1.psess = Performance1.psess
		Performance2.psess = Performance2.psess
		Performance3.psess = Performance3.psess
	EndProjectSection
EndProject
Project("{FAE04EC0-301F-11D3-BF4B-00C04F79EFBC}") = "OcrDebugger", "OcrDebugger\OcrDebugger.csproj", "{18CF941C-8824-4B37-8344-500A7353A45E}"
EndProject
Project("{FAE04EC0-301F-11D3-BF4B-00C04F79EFBC}") = "Tesseract", "C:\Users\qqytqqyt\Downloads\tesseract-feature-321-Tesseract-4\tesseract-feature-321-Tesseract-4\src\Tesseract\Tesseract.csproj", "{DA780CA0-2606-4259-91C4-3F38C5C90592}"
EndProject
Project("{FAE04EC0-301F-11D3-BF4B-00C04F79EFBC}") = "DotNetHelper", "DotNetHelper\DotNetHelper.csproj", "{353B6E1B-1415-4010-BABF-924C7158FC58}"
EndProject
Global
	GlobalSection(Performance) = preSolution
		HasPerformanceSessions = true
	EndGlobalSection
	GlobalSection(SolutionConfigurationPlatforms) = preSolution
		Ad-Hoc|Any CPU = Ad-Hoc|Any CPU
		Ad-Hoc|iPhone = Ad-Hoc|iPhone
		Ad-Hoc|iPhoneSimulator = Ad-Hoc|iPhoneSimulator
		Ad-Hoc|x86 = Ad-Hoc|x86
		AppStore|Any CPU = AppStore|Any CPU
		AppStore|iPhone = AppStore|iPhone
		AppStore|iPhoneSimulator = AppStore|iPhoneSimulator
		AppStore|x86 = AppStore|x86
		Debug|Any CPU = Debug|Any CPU
		Debug|iPhone = Debug|iPhone
		Debug|iPhoneSimulator = Debug|iPhoneSimulator
		Debug|x86 = Debug|x86
		Debug20|Any CPU = Debug20|Any CPU
		Debug20|iPhone = Debug20|iPhone
		Debug20|iPhoneSimulator = Debug20|iPhoneSimulator
		Debug20|x86 = Debug20|x86
		Debug35|Any CPU = Debug35|Any CPU
		Debug35|iPhone = Debug35|iPhone
		Debug35|iPhoneSimulator = Debug35|iPhoneSimulator
		Debug35|x86 = Debug35|x86
		Debug40|Any CPU = Debug40|Any CPU
		Debug40|iPhone = Debug40|iPhone
		Debug40|iPhoneSimulator = Debug40|iPhoneSimulator
		Debug40|x86 = Debug40|x86
		Debug40Client|Any CPU = Debug40Client|Any CPU
		Debug40Client|iPhone = Debug40Client|iPhone
		Debug40Client|iPhoneSimulator = Debug40Client|iPhoneSimulator
		Debug40Client|x86 = Debug40Client|x86
		Debug45|Any CPU = Debug45|Any CPU
		Debug45|iPhone = Debug45|iPhone
		Debug45|iPhoneSimulator = Debug45|iPhoneSimulator
		Debug45|x86 = Debug45|x86
		Debug451|Any CPU = Debug451|Any CPU
		Debug451|iPhone = Debug451|iPhone
		Debug451|iPhoneSimulator = Debug451|iPhoneSimulator
		Debug451|x86 = Debug451|x86
		Release|Any CPU = Release|Any CPU
		Release|iPhone = Release|iPhone
		Release|iPhoneSimulator = Release|iPhoneSimulator
		Release|x86 = Release|x86
		Release20|Any CPU = Release20|Any CPU
		Release20|iPhone = Release20|iPhone
		Release20|iPhoneSimulator = Release20|iPhoneSimulator
		Release20|x86 = Release20|x86
		Release35|Any CPU = Release35|Any CPU
		Release35|iPhone = Release35|iPhone
		Release35|iPhoneSimulator = Release35|iPhoneSimulator
		Release35|x86 = Release35|x86
		Release40|Any CPU = Release40|Any CPU
		Release40|iPhone = Release40|iPhone
		Release40|iPhoneSimulator = Release40|iPhoneSimulator
		Release40|x86 = Release40|x86
		Release40Client|Any CPU = Release40Client|Any CPU
		Release40Client|iPhone = Release40Client|iPhone
		Release40Client|iPhoneSimulator = Release40Client|iPhoneSimulator
		Release40Client|x86 = Release40Client|x86
		Release45|Any CPU = Release45|Any CPU
		Release45|iPhone = Release45|iPhone
		Release45|iPhoneSimulator = Release45|iPhoneSimulator
		Release45|x86 = Release45|x86
		Release451|Any CPU = Release451|Any CPU
		Release451|iPhone = Release451|iPhone
		Release451|iPhoneSimulator = Release451|iPhoneSimulator
		Release451|x86 = Release451|x86
	EndGlobalSection
	GlobalSection(ProjectConfigurationPlatforms) = postSolution
		{03E7490D-1FB2-4E59-8B83-8DD3A6F0E137}.Ad-Hoc|Any CPU.ActiveCfg = Release|Any CPU
		{03E7490D-1FB2-4E59-8B83-8DD3A6F0E137}.Ad-Hoc|Any CPU.Build.0 = Release|Any CPU
		{03E7490D-1FB2-4E59-8B83-8DD3A6F0E137}.Ad-Hoc|iPhone.ActiveCfg = Release|Any CPU
		{03E7490D-1FB2-4E59-8B83-8DD3A6F0E137}.Ad-Hoc|iPhone.Build.0 = Release|Any CPU
		{03E7490D-1FB2-4E59-8B83-8DD3A6F0E137}.Ad-Hoc|iPhoneSimulator.ActiveCfg = Release|Any CPU
		{03E7490D-1FB2-4E59-8B83-8DD3A6F0E137}.Ad-Hoc|iPhoneSimulator.Build.0 = Release|Any CPU
		{03E7490D-1FB2-4E59-8B83-8DD3A6F0E137}.Ad-Hoc|x86.ActiveCfg = Release|x86
		{03E7490D-1FB2-4E59-8B83-8DD3A6F0E137}.Ad-Hoc|x86.Build.0 = Release|x86
		{03E7490D-1FB2-4E59-8B83-8DD3A6F0E137}.AppStore|Any CPU.ActiveCfg = Release|Any CPU
		{03E7490D-1FB2-4E59-8B83-8DD3A6F0E137}.AppStore|Any CPU.Build.0 = Release|Any CPU
		{03E7490D-1FB2-4E59-8B83-8DD3A6F0E137}.AppStore|iPhone.ActiveCfg = Release|Any CPU
		{03E7490D-1FB2-4E59-8B83-8DD3A6F0E137}.AppStore|iPhone.Build.0 = Release|Any CPU
		{03E7490D-1FB2-4E59-8B83-8DD3A6F0E137}.AppStore|iPhoneSimulator.ActiveCfg = Release|Any CPU
		{03E7490D-1FB2-4E59-8B83-8DD3A6F0E137}.AppStore|iPhoneSimulator.Build.0 = Release|Any CPU
		{03E7490D-1FB2-4E59-8B83-8DD3A6F0E137}.AppStore|x86.ActiveCfg = Release|x86
		{03E7490D-1FB2-4E59-8B83-8DD3A6F0E137}.AppStore|x86.Build.0 = Release|x86
		{03E7490D-1FB2-4E59-8B83-8DD3A6F0E137}.Debug|Any CPU.ActiveCfg = Debug|Any CPU
		{03E7490D-1FB2-4E59-8B83-8DD3A6F0E137}.Debug|Any CPU.Build.0 = Debug|Any CPU
		{03E7490D-1FB2-4E59-8B83-8DD3A6F0E137}.Debug|iPhone.ActiveCfg = Debug|Any CPU
		{03E7490D-1FB2-4E59-8B83-8DD3A6F0E137}.Debug|iPhone.Build.0 = Debug|Any CPU
		{03E7490D-1FB2-4E59-8B83-8DD3A6F0E137}.Debug|iPhoneSimulator.ActiveCfg = Debug|Any CPU
		{03E7490D-1FB2-4E59-8B83-8DD3A6F0E137}.Debug|iPhoneSimulator.Build.0 = Debug|Any CPU
		{03E7490D-1FB2-4E59-8B83-8DD3A6F0E137}.Debug|x86.ActiveCfg = Debug|x86
		{03E7490D-1FB2-4E59-8B83-8DD3A6F0E137}.Debug|x86.Build.0 = Debug|x86
		{03E7490D-1FB2-4E59-8B83-8DD3A6F0E137}.Debug20|Any CPU.ActiveCfg = Debug|Any CPU
		{03E7490D-1FB2-4E59-8B83-8DD3A6F0E137}.Debug20|Any CPU.Build.0 = Debug|Any CPU
		{03E7490D-1FB2-4E59-8B83-8DD3A6F0E137}.Debug20|iPhone.ActiveCfg = Debug|Any CPU
		{03E7490D-1FB2-4E59-8B83-8DD3A6F0E137}.Debug20|iPhone.Build.0 = Debug|Any CPU
		{03E7490D-1FB2-4E59-8B83-8DD3A6F0E137}.Debug20|iPhoneSimulator.ActiveCfg = Debug|Any CPU
		{03E7490D-1FB2-4E59-8B83-8DD3A6F0E137}.Debug20|iPhoneSimulator.Build.0 = Debug|Any CPU
		{03E7490D-1FB2-4E59-8B83-8DD3A6F0E137}.Debug20|x86.ActiveCfg = Debug|x86
		{03E7490D-1FB2-4E59-8B83-8DD3A6F0E137}.Debug20|x86.Build.0 = Debug|x86
		{03E7490D-1FB2-4E59-8B83-8DD3A6F0E137}.Debug35|Any CPU.ActiveCfg = Debug|Any CPU
		{03E7490D-1FB2-4E59-8B83-8DD3A6F0E137}.Debug35|Any CPU.Build.0 = Debug|Any CPU
		{03E7490D-1FB2-4E59-8B83-8DD3A6F0E137}.Debug35|iPhone.ActiveCfg = Debug|Any CPU
		{03E7490D-1FB2-4E59-8B83-8DD3A6F0E137}.Debug35|iPhone.Build.0 = Debug|Any CPU
		{03E7490D-1FB2-4E59-8B83-8DD3A6F0E137}.Debug35|iPhoneSimulator.ActiveCfg = Debug|Any CPU
		{03E7490D-1FB2-4E59-8B83-8DD3A6F0E137}.Debug35|iPhoneSimulator.Build.0 = Debug|Any CPU
		{03E7490D-1FB2-4E59-8B83-8DD3A6F0E137}.Debug35|x86.ActiveCfg = Debug|x86
		{03E7490D-1FB2-4E59-8B83-8DD3A6F0E137}.Debug35|x86.Build.0 = Debug|x86
		{03E7490D-1FB2-4E59-8B83-8DD3A6F0E137}.Debug40|Any CPU.ActiveCfg = Debug|Any CPU
		{03E7490D-1FB2-4E59-8B83-8DD3A6F0E137}.Debug40|Any CPU.Build.0 = Debug|Any CPU
		{03E7490D-1FB2-4E59-8B83-8DD3A6F0E137}.Debug40|iPhone.ActiveCfg = Debug|Any CPU
		{03E7490D-1FB2-4E59-8B83-8DD3A6F0E137}.Debug40|iPhone.Build.0 = Debug|Any CPU
		{03E7490D-1FB2-4E59-8B83-8DD3A6F0E137}.Debug40|iPhoneSimulator.ActiveCfg = Debug|Any CPU
		{03E7490D-1FB2-4E59-8B83-8DD3A6F0E137}.Debug40|iPhoneSimulator.Build.0 = Debug|Any CPU
		{03E7490D-1FB2-4E59-8B83-8DD3A6F0E137}.Debug40|x86.ActiveCfg = Debug|x86
		{03E7490D-1FB2-4E59-8B83-8DD3A6F0E137}.Debug40|x86.Build.0 = Debug|x86
		{03E7490D-1FB2-4E59-8B83-8DD3A6F0E137}.Debug40Client|Any CPU.ActiveCfg = Debug|Any CPU
		{03E7490D-1FB2-4E59-8B83-8DD3A6F0E137}.Debug40Client|Any CPU.Build.0 = Debug|Any CPU
		{03E7490D-1FB2-4E59-8B83-8DD3A6F0E137}.Debug40Client|iPhone.ActiveCfg = Debug|Any CPU
		{03E7490D-1FB2-4E59-8B83-8DD3A6F0E137}.Debug40Client|iPhone.Build.0 = Debug|Any CPU
		{03E7490D-1FB2-4E59-8B83-8DD3A6F0E137}.Debug40Client|iPhoneSimulator.ActiveCfg = Debug|Any CPU
		{03E7490D-1FB2-4E59-8B83-8DD3A6F0E137}.Debug40Client|iPhoneSimulator.Build.0 = Debug|Any CPU
		{03E7490D-1FB2-4E59-8B83-8DD3A6F0E137}.Debug40Client|x86.ActiveCfg = Debug|x86
		{03E7490D-1FB2-4E59-8B83-8DD3A6F0E137}.Debug40Client|x86.Build.0 = Debug|x86
		{03E7490D-1FB2-4E59-8B83-8DD3A6F0E137}.Debug45|Any CPU.ActiveCfg = Debug|Any CPU
		{03E7490D-1FB2-4E59-8B83-8DD3A6F0E137}.Debug45|Any CPU.Build.0 = Debug|Any CPU
		{03E7490D-1FB2-4E59-8B83-8DD3A6F0E137}.Debug45|iPhone.ActiveCfg = Debug|Any CPU
		{03E7490D-1FB2-4E59-8B83-8DD3A6F0E137}.Debug45|iPhone.Build.0 = Debug|Any CPU
		{03E7490D-1FB2-4E59-8B83-8DD3A6F0E137}.Debug45|iPhoneSimulator.ActiveCfg = Debug|Any CPU
		{03E7490D-1FB2-4E59-8B83-8DD3A6F0E137}.Debug45|iPhoneSimulator.Build.0 = Debug|Any CPU
		{03E7490D-1FB2-4E59-8B83-8DD3A6F0E137}.Debug45|x86.ActiveCfg = Debug|x86
		{03E7490D-1FB2-4E59-8B83-8DD3A6F0E137}.Debug45|x86.Build.0 = Debug|x86
		{03E7490D-1FB2-4E59-8B83-8DD3A6F0E137}.Debug451|Any CPU.ActiveCfg = Debug|Any CPU
		{03E7490D-1FB2-4E59-8B83-8DD3A6F0E137}.Debug451|Any CPU.Build.0 = Debug|Any CPU
		{03E7490D-1FB2-4E59-8B83-8DD3A6F0E137}.Debug451|iPhone.ActiveCfg = Debug|Any CPU
		{03E7490D-1FB2-4E59-8B83-8DD3A6F0E137}.Debug451|iPhone.Build.0 = Debug|Any CPU
		{03E7490D-1FB2-4E59-8B83-8DD3A6F0E137}.Debug451|iPhoneSimulator.ActiveCfg = Debug|Any CPU
		{03E7490D-1FB2-4E59-8B83-8DD3A6F0E137}.Debug451|iPhoneSimulator.Build.0 = Debug|Any CPU
		{03E7490D-1FB2-4E59-8B83-8DD3A6F0E137}.Debug451|x86.ActiveCfg = Debug|x86
		{03E7490D-1FB2-4E59-8B83-8DD3A6F0E137}.Debug451|x86.Build.0 = Debug|x86
		{03E7490D-1FB2-4E59-8B83-8DD3A6F0E137}.Release|Any CPU.ActiveCfg = Release|Any CPU
		{03E7490D-1FB2-4E59-8B83-8DD3A6F0E137}.Release|Any CPU.Build.0 = Release|Any CPU
		{03E7490D-1FB2-4E59-8B83-8DD3A6F0E137}.Release|iPhone.ActiveCfg = Release|Any CPU
		{03E7490D-1FB2-4E59-8B83-8DD3A6F0E137}.Release|iPhone.Build.0 = Release|Any CPU
		{03E7490D-1FB2-4E59-8B83-8DD3A6F0E137}.Release|iPhoneSimulator.ActiveCfg = Release|Any CPU
		{03E7490D-1FB2-4E59-8B83-8DD3A6F0E137}.Release|iPhoneSimulator.Build.0 = Release|Any CPU
		{03E7490D-1FB2-4E59-8B83-8DD3A6F0E137}.Release|x86.ActiveCfg = Release|x86
		{03E7490D-1FB2-4E59-8B83-8DD3A6F0E137}.Release|x86.Build.0 = Release|x86
		{03E7490D-1FB2-4E59-8B83-8DD3A6F0E137}.Release20|Any CPU.ActiveCfg = Release|Any CPU
		{03E7490D-1FB2-4E59-8B83-8DD3A6F0E137}.Release20|Any CPU.Build.0 = Release|Any CPU
		{03E7490D-1FB2-4E59-8B83-8DD3A6F0E137}.Release20|iPhone.ActiveCfg = Release|Any CPU
		{03E7490D-1FB2-4E59-8B83-8DD3A6F0E137}.Release20|iPhone.Build.0 = Release|Any CPU
		{03E7490D-1FB2-4E59-8B83-8DD3A6F0E137}.Release20|iPhoneSimulator.ActiveCfg = Release|Any CPU
		{03E7490D-1FB2-4E59-8B83-8DD3A6F0E137}.Release20|iPhoneSimulator.Build.0 = Release|Any CPU
		{03E7490D-1FB2-4E59-8B83-8DD3A6F0E137}.Release20|x86.ActiveCfg = Release|x86
		{03E7490D-1FB2-4E59-8B83-8DD3A6F0E137}.Release20|x86.Build.0 = Release|x86
		{03E7490D-1FB2-4E59-8B83-8DD3A6F0E137}.Release35|Any CPU.ActiveCfg = Release|Any CPU
		{03E7490D-1FB2-4E59-8B83-8DD3A6F0E137}.Release35|Any CPU.Build.0 = Release|Any CPU
		{03E7490D-1FB2-4E59-8B83-8DD3A6F0E137}.Release35|iPhone.ActiveCfg = Release|Any CPU
		{03E7490D-1FB2-4E59-8B83-8DD3A6F0E137}.Release35|iPhone.Build.0 = Release|Any CPU
		{03E7490D-1FB2-4E59-8B83-8DD3A6F0E137}.Release35|iPhoneSimulator.ActiveCfg = Release|Any CPU
		{03E7490D-1FB2-4E59-8B83-8DD3A6F0E137}.Release35|iPhoneSimulator.Build.0 = Release|Any CPU
		{03E7490D-1FB2-4E59-8B83-8DD3A6F0E137}.Release35|x86.ActiveCfg = Release|x86
		{03E7490D-1FB2-4E59-8B83-8DD3A6F0E137}.Release35|x86.Build.0 = Release|x86
		{03E7490D-1FB2-4E59-8B83-8DD3A6F0E137}.Release40|Any CPU.ActiveCfg = Release|Any CPU
		{03E7490D-1FB2-4E59-8B83-8DD3A6F0E137}.Release40|Any CPU.Build.0 = Release|Any CPU
		{03E7490D-1FB2-4E59-8B83-8DD3A6F0E137}.Release40|iPhone.ActiveCfg = Release|Any CPU
		{03E7490D-1FB2-4E59-8B83-8DD3A6F0E137}.Release40|iPhone.Build.0 = Release|Any CPU
		{03E7490D-1FB2-4E59-8B83-8DD3A6F0E137}.Release40|iPhoneSimulator.ActiveCfg = Release|Any CPU
		{03E7490D-1FB2-4E59-8B83-8DD3A6F0E137}.Release40|iPhoneSimulator.Build.0 = Release|Any CPU
		{03E7490D-1FB2-4E59-8B83-8DD3A6F0E137}.Release40|x86.ActiveCfg = Release|x86
		{03E7490D-1FB2-4E59-8B83-8DD3A6F0E137}.Release40|x86.Build.0 = Release|x86
		{03E7490D-1FB2-4E59-8B83-8DD3A6F0E137}.Release40Client|Any CPU.ActiveCfg = Release|Any CPU
		{03E7490D-1FB2-4E59-8B83-8DD3A6F0E137}.Release40Client|Any CPU.Build.0 = Release|Any CPU
		{03E7490D-1FB2-4E59-8B83-8DD3A6F0E137}.Release40Client|iPhone.ActiveCfg = Release|Any CPU
		{03E7490D-1FB2-4E59-8B83-8DD3A6F0E137}.Release40Client|iPhone.Build.0 = Release|Any CPU
		{03E7490D-1FB2-4E59-8B83-8DD3A6F0E137}.Release40Client|iPhoneSimulator.ActiveCfg = Release|Any CPU
		{03E7490D-1FB2-4E59-8B83-8DD3A6F0E137}.Release40Client|iPhoneSimulator.Build.0 = Release|Any CPU
		{03E7490D-1FB2-4E59-8B83-8DD3A6F0E137}.Release40Client|x86.ActiveCfg = Release|x86
		{03E7490D-1FB2-4E59-8B83-8DD3A6F0E137}.Release40Client|x86.Build.0 = Release|x86
		{03E7490D-1FB2-4E59-8B83-8DD3A6F0E137}.Release45|Any CPU.ActiveCfg = Release|Any CPU
		{03E7490D-1FB2-4E59-8B83-8DD3A6F0E137}.Release45|Any CPU.Build.0 = Release|Any CPU
		{03E7490D-1FB2-4E59-8B83-8DD3A6F0E137}.Release45|iPhone.ActiveCfg = Release|Any CPU
		{03E7490D-1FB2-4E59-8B83-8DD3A6F0E137}.Release45|iPhone.Build.0 = Release|Any CPU
		{03E7490D-1FB2-4E59-8B83-8DD3A6F0E137}.Release45|iPhoneSimulator.ActiveCfg = Release|Any CPU
		{03E7490D-1FB2-4E59-8B83-8DD3A6F0E137}.Release45|iPhoneSimulator.Build.0 = Release|Any CPU
		{03E7490D-1FB2-4E59-8B83-8DD3A6F0E137}.Release45|x86.ActiveCfg = Release|x86
		{03E7490D-1FB2-4E59-8B83-8DD3A6F0E137}.Release45|x86.Build.0 = Release|x86
		{03E7490D-1FB2-4E59-8B83-8DD3A6F0E137}.Release451|Any CPU.ActiveCfg = Release|Any CPU
		{03E7490D-1FB2-4E59-8B83-8DD3A6F0E137}.Release451|Any CPU.Build.0 = Release|Any CPU
		{03E7490D-1FB2-4E59-8B83-8DD3A6F0E137}.Release451|iPhone.ActiveCfg = Release|Any CPU
		{03E7490D-1FB2-4E59-8B83-8DD3A6F0E137}.Release451|iPhone.Build.0 = Release|Any CPU
		{03E7490D-1FB2-4E59-8B83-8DD3A6F0E137}.Release451|iPhoneSimulator.ActiveCfg = Release|Any CPU
		{03E7490D-1FB2-4E59-8B83-8DD3A6F0E137}.Release451|iPhoneSimulator.Build.0 = Release|Any CPU
		{03E7490D-1FB2-4E59-8B83-8DD3A6F0E137}.Release451|x86.ActiveCfg = Release|x86
		{03E7490D-1FB2-4E59-8B83-8DD3A6F0E137}.Release451|x86.Build.0 = Release|x86
		{F726A9C5-3C1F-4082-AEC2-8B642AB3EA69}.Ad-Hoc|Any CPU.ActiveCfg = Release|Any CPU
		{F726A9C5-3C1F-4082-AEC2-8B642AB3EA69}.Ad-Hoc|Any CPU.Build.0 = Release|Any CPU
		{F726A9C5-3C1F-4082-AEC2-8B642AB3EA69}.Ad-Hoc|iPhone.ActiveCfg = Release|Any CPU
		{F726A9C5-3C1F-4082-AEC2-8B642AB3EA69}.Ad-Hoc|iPhone.Build.0 = Release|Any CPU
		{F726A9C5-3C1F-4082-AEC2-8B642AB3EA69}.Ad-Hoc|iPhoneSimulator.ActiveCfg = Release|Any CPU
		{F726A9C5-3C1F-4082-AEC2-8B642AB3EA69}.Ad-Hoc|iPhoneSimulator.Build.0 = Release|Any CPU
		{F726A9C5-3C1F-4082-AEC2-8B642AB3EA69}.Ad-Hoc|x86.ActiveCfg = Release|Any CPU
		{F726A9C5-3C1F-4082-AEC2-8B642AB3EA69}.Ad-Hoc|x86.Build.0 = Release|Any CPU
		{F726A9C5-3C1F-4082-AEC2-8B642AB3EA69}.AppStore|Any CPU.ActiveCfg = Release|Any CPU
		{F726A9C5-3C1F-4082-AEC2-8B642AB3EA69}.AppStore|Any CPU.Build.0 = Release|Any CPU
		{F726A9C5-3C1F-4082-AEC2-8B642AB3EA69}.AppStore|iPhone.ActiveCfg = Release|Any CPU
		{F726A9C5-3C1F-4082-AEC2-8B642AB3EA69}.AppStore|iPhone.Build.0 = Release|Any CPU
		{F726A9C5-3C1F-4082-AEC2-8B642AB3EA69}.AppStore|iPhoneSimulator.ActiveCfg = Release|Any CPU
		{F726A9C5-3C1F-4082-AEC2-8B642AB3EA69}.AppStore|iPhoneSimulator.Build.0 = Release|Any CPU
		{F726A9C5-3C1F-4082-AEC2-8B642AB3EA69}.AppStore|x86.ActiveCfg = Release|Any CPU
		{F726A9C5-3C1F-4082-AEC2-8B642AB3EA69}.AppStore|x86.Build.0 = Release|Any CPU
		{F726A9C5-3C1F-4082-AEC2-8B642AB3EA69}.Debug|Any CPU.ActiveCfg = Debug|Any CPU
		{F726A9C5-3C1F-4082-AEC2-8B642AB3EA69}.Debug|Any CPU.Build.0 = Debug|Any CPU
		{F726A9C5-3C1F-4082-AEC2-8B642AB3EA69}.Debug|iPhone.ActiveCfg = Debug|Any CPU
		{F726A9C5-3C1F-4082-AEC2-8B642AB3EA69}.Debug|iPhone.Build.0 = Debug|Any CPU
		{F726A9C5-3C1F-4082-AEC2-8B642AB3EA69}.Debug|iPhoneSimulator.ActiveCfg = Debug|Any CPU
		{F726A9C5-3C1F-4082-AEC2-8B642AB3EA69}.Debug|iPhoneSimulator.Build.0 = Debug|Any CPU
		{F726A9C5-3C1F-4082-AEC2-8B642AB3EA69}.Debug|x86.ActiveCfg = Debug|Any CPU
		{F726A9C5-3C1F-4082-AEC2-8B642AB3EA69}.Debug|x86.Build.0 = Debug|Any CPU
		{F726A9C5-3C1F-4082-AEC2-8B642AB3EA69}.Debug20|Any CPU.ActiveCfg = Debug|Any CPU
		{F726A9C5-3C1F-4082-AEC2-8B642AB3EA69}.Debug20|Any CPU.Build.0 = Debug|Any CPU
		{F726A9C5-3C1F-4082-AEC2-8B642AB3EA69}.Debug20|iPhone.ActiveCfg = Debug|Any CPU
		{F726A9C5-3C1F-4082-AEC2-8B642AB3EA69}.Debug20|iPhone.Build.0 = Debug|Any CPU
		{F726A9C5-3C1F-4082-AEC2-8B642AB3EA69}.Debug20|iPhoneSimulator.ActiveCfg = Debug|Any CPU
		{F726A9C5-3C1F-4082-AEC2-8B642AB3EA69}.Debug20|iPhoneSimulator.Build.0 = Debug|Any CPU
		{F726A9C5-3C1F-4082-AEC2-8B642AB3EA69}.Debug20|x86.ActiveCfg = Debug|Any CPU
		{F726A9C5-3C1F-4082-AEC2-8B642AB3EA69}.Debug20|x86.Build.0 = Debug|Any CPU
		{F726A9C5-3C1F-4082-AEC2-8B642AB3EA69}.Debug35|Any CPU.ActiveCfg = Debug|Any CPU
		{F726A9C5-3C1F-4082-AEC2-8B642AB3EA69}.Debug35|Any CPU.Build.0 = Debug|Any CPU
		{F726A9C5-3C1F-4082-AEC2-8B642AB3EA69}.Debug35|iPhone.ActiveCfg = Debug|Any CPU
		{F726A9C5-3C1F-4082-AEC2-8B642AB3EA69}.Debug35|iPhone.Build.0 = Debug|Any CPU
		{F726A9C5-3C1F-4082-AEC2-8B642AB3EA69}.Debug35|iPhoneSimulator.ActiveCfg = Debug|Any CPU
		{F726A9C5-3C1F-4082-AEC2-8B642AB3EA69}.Debug35|iPhoneSimulator.Build.0 = Debug|Any CPU
		{F726A9C5-3C1F-4082-AEC2-8B642AB3EA69}.Debug35|x86.ActiveCfg = Debug|Any CPU
		{F726A9C5-3C1F-4082-AEC2-8B642AB3EA69}.Debug35|x86.Build.0 = Debug|Any CPU
		{F726A9C5-3C1F-4082-AEC2-8B642AB3EA69}.Debug40|Any CPU.ActiveCfg = Debug|Any CPU
		{F726A9C5-3C1F-4082-AEC2-8B642AB3EA69}.Debug40|Any CPU.Build.0 = Debug|Any CPU
		{F726A9C5-3C1F-4082-AEC2-8B642AB3EA69}.Debug40|iPhone.ActiveCfg = Debug|Any CPU
		{F726A9C5-3C1F-4082-AEC2-8B642AB3EA69}.Debug40|iPhone.Build.0 = Debug|Any CPU
		{F726A9C5-3C1F-4082-AEC2-8B642AB3EA69}.Debug40|iPhoneSimulator.ActiveCfg = Debug|Any CPU
		{F726A9C5-3C1F-4082-AEC2-8B642AB3EA69}.Debug40|iPhoneSimulator.Build.0 = Debug|Any CPU
		{F726A9C5-3C1F-4082-AEC2-8B642AB3EA69}.Debug40|x86.ActiveCfg = Debug|Any CPU
		{F726A9C5-3C1F-4082-AEC2-8B642AB3EA69}.Debug40|x86.Build.0 = Debug|Any CPU
		{F726A9C5-3C1F-4082-AEC2-8B642AB3EA69}.Debug40Client|Any CPU.ActiveCfg = Debug|Any CPU
		{F726A9C5-3C1F-4082-AEC2-8B642AB3EA69}.Debug40Client|Any CPU.Build.0 = Debug|Any CPU
		{F726A9C5-3C1F-4082-AEC2-8B642AB3EA69}.Debug40Client|iPhone.ActiveCfg = Debug|Any CPU
		{F726A9C5-3C1F-4082-AEC2-8B642AB3EA69}.Debug40Client|iPhone.Build.0 = Debug|Any CPU
		{F726A9C5-3C1F-4082-AEC2-8B642AB3EA69}.Debug40Client|iPhoneSimulator.ActiveCfg = Debug|Any CPU
		{F726A9C5-3C1F-4082-AEC2-8B642AB3EA69}.Debug40Client|iPhoneSimulator.Build.0 = Debug|Any CPU
		{F726A9C5-3C1F-4082-AEC2-8B642AB3EA69}.Debug40Client|x86.ActiveCfg = Debug|Any CPU
		{F726A9C5-3C1F-4082-AEC2-8B642AB3EA69}.Debug40Client|x86.Build.0 = Debug|Any CPU
		{F726A9C5-3C1F-4082-AEC2-8B642AB3EA69}.Debug45|Any CPU.ActiveCfg = Debug|Any CPU
		{F726A9C5-3C1F-4082-AEC2-8B642AB3EA69}.Debug45|Any CPU.Build.0 = Debug|Any CPU
		{F726A9C5-3C1F-4082-AEC2-8B642AB3EA69}.Debug45|iPhone.ActiveCfg = Debug|Any CPU
		{F726A9C5-3C1F-4082-AEC2-8B642AB3EA69}.Debug45|iPhone.Build.0 = Debug|Any CPU
		{F726A9C5-3C1F-4082-AEC2-8B642AB3EA69}.Debug45|iPhoneSimulator.ActiveCfg = Debug|Any CPU
		{F726A9C5-3C1F-4082-AEC2-8B642AB3EA69}.Debug45|iPhoneSimulator.Build.0 = Debug|Any CPU
		{F726A9C5-3C1F-4082-AEC2-8B642AB3EA69}.Debug45|x86.ActiveCfg = Debug|Any CPU
		{F726A9C5-3C1F-4082-AEC2-8B642AB3EA69}.Debug45|x86.Build.0 = Debug|Any CPU
		{F726A9C5-3C1F-4082-AEC2-8B642AB3EA69}.Debug451|Any CPU.ActiveCfg = Debug|Any CPU
		{F726A9C5-3C1F-4082-AEC2-8B642AB3EA69}.Debug451|Any CPU.Build.0 = Debug|Any CPU
		{F726A9C5-3C1F-4082-AEC2-8B642AB3EA69}.Debug451|iPhone.ActiveCfg = Debug|Any CPU
		{F726A9C5-3C1F-4082-AEC2-8B642AB3EA69}.Debug451|iPhone.Build.0 = Debug|Any CPU
		{F726A9C5-3C1F-4082-AEC2-8B642AB3EA69}.Debug451|iPhoneSimulator.ActiveCfg = Debug|Any CPU
		{F726A9C5-3C1F-4082-AEC2-8B642AB3EA69}.Debug451|iPhoneSimulator.Build.0 = Debug|Any CPU
		{F726A9C5-3C1F-4082-AEC2-8B642AB3EA69}.Debug451|x86.ActiveCfg = Debug|Any CPU
		{F726A9C5-3C1F-4082-AEC2-8B642AB3EA69}.Debug451|x86.Build.0 = Debug|Any CPU
		{F726A9C5-3C1F-4082-AEC2-8B642AB3EA69}.Release|Any CPU.ActiveCfg = Release|Any CPU
		{F726A9C5-3C1F-4082-AEC2-8B642AB3EA69}.Release|Any CPU.Build.0 = Release|Any CPU
		{F726A9C5-3C1F-4082-AEC2-8B642AB3EA69}.Release|iPhone.ActiveCfg = Release|Any CPU
		{F726A9C5-3C1F-4082-AEC2-8B642AB3EA69}.Release|iPhone.Build.0 = Release|Any CPU
		{F726A9C5-3C1F-4082-AEC2-8B642AB3EA69}.Release|iPhoneSimulator.ActiveCfg = Release|Any CPU
		{F726A9C5-3C1F-4082-AEC2-8B642AB3EA69}.Release|iPhoneSimulator.Build.0 = Release|Any CPU
		{F726A9C5-3C1F-4082-AEC2-8B642AB3EA69}.Release|x86.ActiveCfg = Release|Any CPU
		{F726A9C5-3C1F-4082-AEC2-8B642AB3EA69}.Release|x86.Build.0 = Release|Any CPU
		{F726A9C5-3C1F-4082-AEC2-8B642AB3EA69}.Release20|Any CPU.ActiveCfg = Release|Any CPU
		{F726A9C5-3C1F-4082-AEC2-8B642AB3EA69}.Release20|Any CPU.Build.0 = Release|Any CPU
		{F726A9C5-3C1F-4082-AEC2-8B642AB3EA69}.Release20|iPhone.ActiveCfg = Release|Any CPU
		{F726A9C5-3C1F-4082-AEC2-8B642AB3EA69}.Release20|iPhone.Build.0 = Release|Any CPU
		{F726A9C5-3C1F-4082-AEC2-8B642AB3EA69}.Release20|iPhoneSimulator.ActiveCfg = Release|Any CPU
		{F726A9C5-3C1F-4082-AEC2-8B642AB3EA69}.Release20|iPhoneSimulator.Build.0 = Release|Any CPU
		{F726A9C5-3C1F-4082-AEC2-8B642AB3EA69}.Release20|x86.ActiveCfg = Release|Any CPU
		{F726A9C5-3C1F-4082-AEC2-8B642AB3EA69}.Release20|x86.Build.0 = Release|Any CPU
		{F726A9C5-3C1F-4082-AEC2-8B642AB3EA69}.Release35|Any CPU.ActiveCfg = Release|Any CPU
		{F726A9C5-3C1F-4082-AEC2-8B642AB3EA69}.Release35|Any CPU.Build.0 = Release|Any CPU
		{F726A9C5-3C1F-4082-AEC2-8B642AB3EA69}.Release35|iPhone.ActiveCfg = Release|Any CPU
		{F726A9C5-3C1F-4082-AEC2-8B642AB3EA69}.Release35|iPhone.Build.0 = Release|Any CPU
		{F726A9C5-3C1F-4082-AEC2-8B642AB3EA69}.Release35|iPhoneSimulator.ActiveCfg = Release|Any CPU
		{F726A9C5-3C1F-4082-AEC2-8B642AB3EA69}.Release35|iPhoneSimulator.Build.0 = Release|Any CPU
		{F726A9C5-3C1F-4082-AEC2-8B642AB3EA69}.Release35|x86.ActiveCfg = Release|Any CPU
		{F726A9C5-3C1F-4082-AEC2-8B642AB3EA69}.Release35|x86.Build.0 = Release|Any CPU
		{F726A9C5-3C1F-4082-AEC2-8B642AB3EA69}.Release40|Any CPU.ActiveCfg = Release|Any CPU
		{F726A9C5-3C1F-4082-AEC2-8B642AB3EA69}.Release40|Any CPU.Build.0 = Release|Any CPU
		{F726A9C5-3C1F-4082-AEC2-8B642AB3EA69}.Release40|iPhone.ActiveCfg = Release|Any CPU
		{F726A9C5-3C1F-4082-AEC2-8B642AB3EA69}.Release40|iPhone.Build.0 = Release|Any CPU
		{F726A9C5-3C1F-4082-AEC2-8B642AB3EA69}.Release40|iPhoneSimulator.ActiveCfg = Release|Any CPU
		{F726A9C5-3C1F-4082-AEC2-8B642AB3EA69}.Release40|iPhoneSimulator.Build.0 = Release|Any CPU
		{F726A9C5-3C1F-4082-AEC2-8B642AB3EA69}.Release40|x86.ActiveCfg = Release|Any CPU
		{F726A9C5-3C1F-4082-AEC2-8B642AB3EA69}.Release40|x86.Build.0 = Release|Any CPU
		{F726A9C5-3C1F-4082-AEC2-8B642AB3EA69}.Release40Client|Any CPU.ActiveCfg = Release|Any CPU
		{F726A9C5-3C1F-4082-AEC2-8B642AB3EA69}.Release40Client|Any CPU.Build.0 = Release|Any CPU
		{F726A9C5-3C1F-4082-AEC2-8B642AB3EA69}.Release40Client|iPhone.ActiveCfg = Release|Any CPU
		{F726A9C5-3C1F-4082-AEC2-8B642AB3EA69}.Release40Client|iPhone.Build.0 = Release|Any CPU
		{F726A9C5-3C1F-4082-AEC2-8B642AB3EA69}.Release40Client|iPhoneSimulator.ActiveCfg = Release|Any CPU
		{F726A9C5-3C1F-4082-AEC2-8B642AB3EA69}.Release40Client|iPhoneSimulator.Build.0 = Release|Any CPU
		{F726A9C5-3C1F-4082-AEC2-8B642AB3EA69}.Release40Client|x86.ActiveCfg = Release|Any CPU
		{F726A9C5-3C1F-4082-AEC2-8B642AB3EA69}.Release40Client|x86.Build.0 = Release|Any CPU
		{F726A9C5-3C1F-4082-AEC2-8B642AB3EA69}.Release45|Any CPU.ActiveCfg = Release|Any CPU
		{F726A9C5-3C1F-4082-AEC2-8B642AB3EA69}.Release45|Any CPU.Build.0 = Release|Any CPU
		{F726A9C5-3C1F-4082-AEC2-8B642AB3EA69}.Release45|iPhone.ActiveCfg = Release|Any CPU
		{F726A9C5-3C1F-4082-AEC2-8B642AB3EA69}.Release45|iPhone.Build.0 = Release|Any CPU
		{F726A9C5-3C1F-4082-AEC2-8B642AB3EA69}.Release45|iPhoneSimulator.ActiveCfg = Release|Any CPU
		{F726A9C5-3C1F-4082-AEC2-8B642AB3EA69}.Release45|iPhoneSimulator.Build.0 = Release|Any CPU
		{F726A9C5-3C1F-4082-AEC2-8B642AB3EA69}.Release45|x86.ActiveCfg = Release|Any CPU
		{F726A9C5-3C1F-4082-AEC2-8B642AB3EA69}.Release45|x86.Build.0 = Release|Any CPU
		{F726A9C5-3C1F-4082-AEC2-8B642AB3EA69}.Release451|Any CPU.ActiveCfg = Release|Any CPU
		{F726A9C5-3C1F-4082-AEC2-8B642AB3EA69}.Release451|Any CPU.Build.0 = Release|Any CPU
		{F726A9C5-3C1F-4082-AEC2-8B642AB3EA69}.Release451|iPhone.ActiveCfg = Release|Any CPU
		{F726A9C5-3C1F-4082-AEC2-8B642AB3EA69}.Release451|iPhone.Build.0 = Release|Any CPU
		{F726A9C5-3C1F-4082-AEC2-8B642AB3EA69}.Release451|iPhoneSimulator.ActiveCfg = Release|Any CPU
		{F726A9C5-3C1F-4082-AEC2-8B642AB3EA69}.Release451|iPhoneSimulator.Build.0 = Release|Any CPU
		{F726A9C5-3C1F-4082-AEC2-8B642AB3EA69}.Release451|x86.ActiveCfg = Release|Any CPU
		{F726A9C5-3C1F-4082-AEC2-8B642AB3EA69}.Release451|x86.Build.0 = Release|Any CPU
		{7E3CB290-3017-4F08-B0FB-711B8C3281E1}.Ad-Hoc|Any CPU.ActiveCfg = Release|Any CPU
		{7E3CB290-3017-4F08-B0FB-711B8C3281E1}.Ad-Hoc|Any CPU.Build.0 = Release|Any CPU
		{7E3CB290-3017-4F08-B0FB-711B8C3281E1}.Ad-Hoc|iPhone.ActiveCfg = Release|Any CPU
		{7E3CB290-3017-4F08-B0FB-711B8C3281E1}.Ad-Hoc|iPhone.Build.0 = Release|Any CPU
		{7E3CB290-3017-4F08-B0FB-711B8C3281E1}.Ad-Hoc|iPhoneSimulator.ActiveCfg = Release|Any CPU
		{7E3CB290-3017-4F08-B0FB-711B8C3281E1}.Ad-Hoc|iPhoneSimulator.Build.0 = Release|Any CPU
		{7E3CB290-3017-4F08-B0FB-711B8C3281E1}.Ad-Hoc|x86.ActiveCfg = Release|Any CPU
		{7E3CB290-3017-4F08-B0FB-711B8C3281E1}.Ad-Hoc|x86.Build.0 = Release|Any CPU
		{7E3CB290-3017-4F08-B0FB-711B8C3281E1}.AppStore|Any CPU.ActiveCfg = Release|Any CPU
		{7E3CB290-3017-4F08-B0FB-711B8C3281E1}.AppStore|Any CPU.Build.0 = Release|Any CPU
		{7E3CB290-3017-4F08-B0FB-711B8C3281E1}.AppStore|iPhone.ActiveCfg = Release|Any CPU
		{7E3CB290-3017-4F08-B0FB-711B8C3281E1}.AppStore|iPhone.Build.0 = Release|Any CPU
		{7E3CB290-3017-4F08-B0FB-711B8C3281E1}.AppStore|iPhoneSimulator.ActiveCfg = Release|Any CPU
		{7E3CB290-3017-4F08-B0FB-711B8C3281E1}.AppStore|iPhoneSimulator.Build.0 = Release|Any CPU
		{7E3CB290-3017-4F08-B0FB-711B8C3281E1}.AppStore|x86.ActiveCfg = Release|Any CPU
		{7E3CB290-3017-4F08-B0FB-711B8C3281E1}.AppStore|x86.Build.0 = Release|Any CPU
		{7E3CB290-3017-4F08-B0FB-711B8C3281E1}.Debug|Any CPU.ActiveCfg = Debug|Any CPU
		{7E3CB290-3017-4F08-B0FB-711B8C3281E1}.Debug|Any CPU.Build.0 = Debug|Any CPU
		{7E3CB290-3017-4F08-B0FB-711B8C3281E1}.Debug|iPhone.ActiveCfg = Debug|Any CPU
		{7E3CB290-3017-4F08-B0FB-711B8C3281E1}.Debug|iPhone.Build.0 = Debug|Any CPU
		{7E3CB290-3017-4F08-B0FB-711B8C3281E1}.Debug|iPhoneSimulator.ActiveCfg = Debug|Any CPU
		{7E3CB290-3017-4F08-B0FB-711B8C3281E1}.Debug|iPhoneSimulator.Build.0 = Debug|Any CPU
		{7E3CB290-3017-4F08-B0FB-711B8C3281E1}.Debug|x86.ActiveCfg = Debug|Any CPU
		{7E3CB290-3017-4F08-B0FB-711B8C3281E1}.Debug|x86.Build.0 = Debug|Any CPU
		{7E3CB290-3017-4F08-B0FB-711B8C3281E1}.Debug20|Any CPU.ActiveCfg = Debug|Any CPU
		{7E3CB290-3017-4F08-B0FB-711B8C3281E1}.Debug20|Any CPU.Build.0 = Debug|Any CPU
		{7E3CB290-3017-4F08-B0FB-711B8C3281E1}.Debug20|iPhone.ActiveCfg = Debug|Any CPU
		{7E3CB290-3017-4F08-B0FB-711B8C3281E1}.Debug20|iPhone.Build.0 = Debug|Any CPU
		{7E3CB290-3017-4F08-B0FB-711B8C3281E1}.Debug20|iPhoneSimulator.ActiveCfg = Debug|Any CPU
		{7E3CB290-3017-4F08-B0FB-711B8C3281E1}.Debug20|iPhoneSimulator.Build.0 = Debug|Any CPU
		{7E3CB290-3017-4F08-B0FB-711B8C3281E1}.Debug20|x86.ActiveCfg = Debug|Any CPU
		{7E3CB290-3017-4F08-B0FB-711B8C3281E1}.Debug20|x86.Build.0 = Debug|Any CPU
		{7E3CB290-3017-4F08-B0FB-711B8C3281E1}.Debug35|Any CPU.ActiveCfg = Debug|Any CPU
		{7E3CB290-3017-4F08-B0FB-711B8C3281E1}.Debug35|Any CPU.Build.0 = Debug|Any CPU
		{7E3CB290-3017-4F08-B0FB-711B8C3281E1}.Debug35|iPhone.ActiveCfg = Debug|Any CPU
		{7E3CB290-3017-4F08-B0FB-711B8C3281E1}.Debug35|iPhone.Build.0 = Debug|Any CPU
		{7E3CB290-3017-4F08-B0FB-711B8C3281E1}.Debug35|iPhoneSimulator.ActiveCfg = Debug|Any CPU
		{7E3CB290-3017-4F08-B0FB-711B8C3281E1}.Debug35|iPhoneSimulator.Build.0 = Debug|Any CPU
		{7E3CB290-3017-4F08-B0FB-711B8C3281E1}.Debug35|x86.ActiveCfg = Debug|Any CPU
		{7E3CB290-3017-4F08-B0FB-711B8C3281E1}.Debug35|x86.Build.0 = Debug|Any CPU
		{7E3CB290-3017-4F08-B0FB-711B8C3281E1}.Debug40|Any CPU.ActiveCfg = Debug|Any CPU
		{7E3CB290-3017-4F08-B0FB-711B8C3281E1}.Debug40|Any CPU.Build.0 = Debug|Any CPU
		{7E3CB290-3017-4F08-B0FB-711B8C3281E1}.Debug40|iPhone.ActiveCfg = Debug|Any CPU
		{7E3CB290-3017-4F08-B0FB-711B8C3281E1}.Debug40|iPhone.Build.0 = Debug|Any CPU
		{7E3CB290-3017-4F08-B0FB-711B8C3281E1}.Debug40|iPhoneSimulator.ActiveCfg = Debug|Any CPU
		{7E3CB290-3017-4F08-B0FB-711B8C3281E1}.Debug40|iPhoneSimulator.Build.0 = Debug|Any CPU
		{7E3CB290-3017-4F08-B0FB-711B8C3281E1}.Debug40|x86.ActiveCfg = Debug|Any CPU
		{7E3CB290-3017-4F08-B0FB-711B8C3281E1}.Debug40|x86.Build.0 = Debug|Any CPU
		{7E3CB290-3017-4F08-B0FB-711B8C3281E1}.Debug40Client|Any CPU.ActiveCfg = Debug|Any CPU
		{7E3CB290-3017-4F08-B0FB-711B8C3281E1}.Debug40Client|Any CPU.Build.0 = Debug|Any CPU
		{7E3CB290-3017-4F08-B0FB-711B8C3281E1}.Debug40Client|iPhone.ActiveCfg = Debug|Any CPU
		{7E3CB290-3017-4F08-B0FB-711B8C3281E1}.Debug40Client|iPhone.Build.0 = Debug|Any CPU
		{7E3CB290-3017-4F08-B0FB-711B8C3281E1}.Debug40Client|iPhoneSimulator.ActiveCfg = Debug|Any CPU
		{7E3CB290-3017-4F08-B0FB-711B8C3281E1}.Debug40Client|iPhoneSimulator.Build.0 = Debug|Any CPU
		{7E3CB290-3017-4F08-B0FB-711B8C3281E1}.Debug40Client|x86.ActiveCfg = Debug|Any CPU
		{7E3CB290-3017-4F08-B0FB-711B8C3281E1}.Debug40Client|x86.Build.0 = Debug|Any CPU
		{7E3CB290-3017-4F08-B0FB-711B8C3281E1}.Debug45|Any CPU.ActiveCfg = Debug|Any CPU
		{7E3CB290-3017-4F08-B0FB-711B8C3281E1}.Debug45|Any CPU.Build.0 = Debug|Any CPU
		{7E3CB290-3017-4F08-B0FB-711B8C3281E1}.Debug45|iPhone.ActiveCfg = Debug|Any CPU
		{7E3CB290-3017-4F08-B0FB-711B8C3281E1}.Debug45|iPhone.Build.0 = Debug|Any CPU
		{7E3CB290-3017-4F08-B0FB-711B8C3281E1}.Debug45|iPhoneSimulator.ActiveCfg = Debug|Any CPU
		{7E3CB290-3017-4F08-B0FB-711B8C3281E1}.Debug45|iPhoneSimulator.Build.0 = Debug|Any CPU
		{7E3CB290-3017-4F08-B0FB-711B8C3281E1}.Debug45|x86.ActiveCfg = Debug|Any CPU
		{7E3CB290-3017-4F08-B0FB-711B8C3281E1}.Debug45|x86.Build.0 = Debug|Any CPU
		{7E3CB290-3017-4F08-B0FB-711B8C3281E1}.Debug451|Any CPU.ActiveCfg = Debug|Any CPU
		{7E3CB290-3017-4F08-B0FB-711B8C3281E1}.Debug451|Any CPU.Build.0 = Debug|Any CPU
		{7E3CB290-3017-4F08-B0FB-711B8C3281E1}.Debug451|iPhone.ActiveCfg = Debug|Any CPU
		{7E3CB290-3017-4F08-B0FB-711B8C3281E1}.Debug451|iPhone.Build.0 = Debug|Any CPU
		{7E3CB290-3017-4F08-B0FB-711B8C3281E1}.Debug451|iPhoneSimulator.ActiveCfg = Debug|Any CPU
		{7E3CB290-3017-4F08-B0FB-711B8C3281E1}.Debug451|iPhoneSimulator.Build.0 = Debug|Any CPU
		{7E3CB290-3017-4F08-B0FB-711B8C3281E1}.Debug451|x86.ActiveCfg = Debug|Any CPU
		{7E3CB290-3017-4F08-B0FB-711B8C3281E1}.Debug451|x86.Build.0 = Debug|Any CPU
		{7E3CB290-3017-4F08-B0FB-711B8C3281E1}.Release|Any CPU.ActiveCfg = Release|Any CPU
		{7E3CB290-3017-4F08-B0FB-711B8C3281E1}.Release|Any CPU.Build.0 = Release|Any CPU
		{7E3CB290-3017-4F08-B0FB-711B8C3281E1}.Release|iPhone.ActiveCfg = Release|Any CPU
		{7E3CB290-3017-4F08-B0FB-711B8C3281E1}.Release|iPhone.Build.0 = Release|Any CPU
		{7E3CB290-3017-4F08-B0FB-711B8C3281E1}.Release|iPhoneSimulator.ActiveCfg = Release|Any CPU
		{7E3CB290-3017-4F08-B0FB-711B8C3281E1}.Release|iPhoneSimulator.Build.0 = Release|Any CPU
		{7E3CB290-3017-4F08-B0FB-711B8C3281E1}.Release|x86.ActiveCfg = Release|Any CPU
		{7E3CB290-3017-4F08-B0FB-711B8C3281E1}.Release|x86.Build.0 = Release|Any CPU
		{7E3CB290-3017-4F08-B0FB-711B8C3281E1}.Release20|Any CPU.ActiveCfg = Release|Any CPU
		{7E3CB290-3017-4F08-B0FB-711B8C3281E1}.Release20|Any CPU.Build.0 = Release|Any CPU
		{7E3CB290-3017-4F08-B0FB-711B8C3281E1}.Release20|iPhone.ActiveCfg = Release|Any CPU
		{7E3CB290-3017-4F08-B0FB-711B8C3281E1}.Release20|iPhone.Build.0 = Release|Any CPU
		{7E3CB290-3017-4F08-B0FB-711B8C3281E1}.Release20|iPhoneSimulator.ActiveCfg = Release|Any CPU
		{7E3CB290-3017-4F08-B0FB-711B8C3281E1}.Release20|iPhoneSimulator.Build.0 = Release|Any CPU
		{7E3CB290-3017-4F08-B0FB-711B8C3281E1}.Release20|x86.ActiveCfg = Release|Any CPU
		{7E3CB290-3017-4F08-B0FB-711B8C3281E1}.Release20|x86.Build.0 = Release|Any CPU
		{7E3CB290-3017-4F08-B0FB-711B8C3281E1}.Release35|Any CPU.ActiveCfg = Release|Any CPU
		{7E3CB290-3017-4F08-B0FB-711B8C3281E1}.Release35|Any CPU.Build.0 = Release|Any CPU
		{7E3CB290-3017-4F08-B0FB-711B8C3281E1}.Release35|iPhone.ActiveCfg = Release|Any CPU
		{7E3CB290-3017-4F08-B0FB-711B8C3281E1}.Release35|iPhone.Build.0 = Release|Any CPU
		{7E3CB290-3017-4F08-B0FB-711B8C3281E1}.Release35|iPhoneSimulator.ActiveCfg = Release|Any CPU
		{7E3CB290-3017-4F08-B0FB-711B8C3281E1}.Release35|iPhoneSimulator.Build.0 = Release|Any CPU
		{7E3CB290-3017-4F08-B0FB-711B8C3281E1}.Release35|x86.ActiveCfg = Release|Any CPU
		{7E3CB290-3017-4F08-B0FB-711B8C3281E1}.Release35|x86.Build.0 = Release|Any CPU
		{7E3CB290-3017-4F08-B0FB-711B8C3281E1}.Release40|Any CPU.ActiveCfg = Release|Any CPU
		{7E3CB290-3017-4F08-B0FB-711B8C3281E1}.Release40|Any CPU.Build.0 = Release|Any CPU
		{7E3CB290-3017-4F08-B0FB-711B8C3281E1}.Release40|iPhone.ActiveCfg = Release|Any CPU
		{7E3CB290-3017-4F08-B0FB-711B8C3281E1}.Release40|iPhone.Build.0 = Release|Any CPU
		{7E3CB290-3017-4F08-B0FB-711B8C3281E1}.Release40|iPhoneSimulator.ActiveCfg = Release|Any CPU
		{7E3CB290-3017-4F08-B0FB-711B8C3281E1}.Release40|iPhoneSimulator.Build.0 = Release|Any CPU
		{7E3CB290-3017-4F08-B0FB-711B8C3281E1}.Release40|x86.ActiveCfg = Release|Any CPU
		{7E3CB290-3017-4F08-B0FB-711B8C3281E1}.Release40|x86.Build.0 = Release|Any CPU
		{7E3CB290-3017-4F08-B0FB-711B8C3281E1}.Release40Client|Any CPU.ActiveCfg = Release|Any CPU
		{7E3CB290-3017-4F08-B0FB-711B8C3281E1}.Release40Client|Any CPU.Build.0 = Release|Any CPU
		{7E3CB290-3017-4F08-B0FB-711B8C3281E1}.Release40Client|iPhone.ActiveCfg = Release|Any CPU
		{7E3CB290-3017-4F08-B0FB-711B8C3281E1}.Release40Client|iPhone.Build.0 = Release|Any CPU
		{7E3CB290-3017-4F08-B0FB-711B8C3281E1}.Release40Client|iPhoneSimulator.ActiveCfg = Release|Any CPU
		{7E3CB290-3017-4F08-B0FB-711B8C3281E1}.Release40Client|iPhoneSimulator.Build.0 = Release|Any CPU
		{7E3CB290-3017-4F08-B0FB-711B8C3281E1}.Release40Client|x86.ActiveCfg = Release|Any CPU
		{7E3CB290-3017-4F08-B0FB-711B8C3281E1}.Release40Client|x86.Build.0 = Release|Any CPU
		{7E3CB290-3017-4F08-B0FB-711B8C3281E1}.Release45|Any CPU.ActiveCfg = Release|Any CPU
		{7E3CB290-3017-4F08-B0FB-711B8C3281E1}.Release45|Any CPU.Build.0 = Release|Any CPU
		{7E3CB290-3017-4F08-B0FB-711B8C3281E1}.Release45|iPhone.ActiveCfg = Release|Any CPU
		{7E3CB290-3017-4F08-B0FB-711B8C3281E1}.Release45|iPhone.Build.0 = Release|Any CPU
		{7E3CB290-3017-4F08-B0FB-711B8C3281E1}.Release45|iPhoneSimulator.ActiveCfg = Release|Any CPU
		{7E3CB290-3017-4F08-B0FB-711B8C3281E1}.Release45|iPhoneSimulator.Build.0 = Release|Any CPU
		{7E3CB290-3017-4F08-B0FB-711B8C3281E1}.Release45|x86.ActiveCfg = Release|Any CPU
		{7E3CB290-3017-4F08-B0FB-711B8C3281E1}.Release45|x86.Build.0 = Release|Any CPU
		{7E3CB290-3017-4F08-B0FB-711B8C3281E1}.Release451|Any CPU.ActiveCfg = Release|Any CPU
		{7E3CB290-3017-4F08-B0FB-711B8C3281E1}.Release451|Any CPU.Build.0 = Release|Any CPU
		{7E3CB290-3017-4F08-B0FB-711B8C3281E1}.Release451|iPhone.ActiveCfg = Release|Any CPU
		{7E3CB290-3017-4F08-B0FB-711B8C3281E1}.Release451|iPhone.Build.0 = Release|Any CPU
		{7E3CB290-3017-4F08-B0FB-711B8C3281E1}.Release451|iPhoneSimulator.ActiveCfg = Release|Any CPU
		{7E3CB290-3017-4F08-B0FB-711B8C3281E1}.Release451|iPhoneSimulator.Build.0 = Release|Any CPU
		{7E3CB290-3017-4F08-B0FB-711B8C3281E1}.Release451|x86.ActiveCfg = Release|Any CPU
		{7E3CB290-3017-4F08-B0FB-711B8C3281E1}.Release451|x86.Build.0 = Release|Any CPU
		{18CF941C-8824-4B37-8344-500A7353A45E}.Ad-Hoc|Any CPU.ActiveCfg = Release|Any CPU
		{18CF941C-8824-4B37-8344-500A7353A45E}.Ad-Hoc|Any CPU.Build.0 = Release|Any CPU
		{18CF941C-8824-4B37-8344-500A7353A45E}.Ad-Hoc|iPhone.ActiveCfg = Release|Any CPU
		{18CF941C-8824-4B37-8344-500A7353A45E}.Ad-Hoc|iPhone.Build.0 = Release|Any CPU
		{18CF941C-8824-4B37-8344-500A7353A45E}.Ad-Hoc|iPhoneSimulator.ActiveCfg = Release|Any CPU
		{18CF941C-8824-4B37-8344-500A7353A45E}.Ad-Hoc|iPhoneSimulator.Build.0 = Release|Any CPU
		{18CF941C-8824-4B37-8344-500A7353A45E}.Ad-Hoc|x86.ActiveCfg = Release|Any CPU
		{18CF941C-8824-4B37-8344-500A7353A45E}.Ad-Hoc|x86.Build.0 = Release|Any CPU
		{18CF941C-8824-4B37-8344-500A7353A45E}.AppStore|Any CPU.ActiveCfg = Release|Any CPU
		{18CF941C-8824-4B37-8344-500A7353A45E}.AppStore|Any CPU.Build.0 = Release|Any CPU
		{18CF941C-8824-4B37-8344-500A7353A45E}.AppStore|iPhone.ActiveCfg = Release|Any CPU
		{18CF941C-8824-4B37-8344-500A7353A45E}.AppStore|iPhone.Build.0 = Release|Any CPU
		{18CF941C-8824-4B37-8344-500A7353A45E}.AppStore|iPhoneSimulator.ActiveCfg = Release|Any CPU
		{18CF941C-8824-4B37-8344-500A7353A45E}.AppStore|iPhoneSimulator.Build.0 = Release|Any CPU
		{18CF941C-8824-4B37-8344-500A7353A45E}.AppStore|x86.ActiveCfg = Release|Any CPU
		{18CF941C-8824-4B37-8344-500A7353A45E}.AppStore|x86.Build.0 = Release|Any CPU
		{18CF941C-8824-4B37-8344-500A7353A45E}.Debug|Any CPU.ActiveCfg = Debug|Any CPU
		{18CF941C-8824-4B37-8344-500A7353A45E}.Debug|Any CPU.Build.0 = Debug|Any CPU
		{18CF941C-8824-4B37-8344-500A7353A45E}.Debug|iPhone.ActiveCfg = Debug|Any CPU
		{18CF941C-8824-4B37-8344-500A7353A45E}.Debug|iPhone.Build.0 = Debug|Any CPU
		{18CF941C-8824-4B37-8344-500A7353A45E}.Debug|iPhoneSimulator.ActiveCfg = Debug|Any CPU
		{18CF941C-8824-4B37-8344-500A7353A45E}.Debug|iPhoneSimulator.Build.0 = Debug|Any CPU
		{18CF941C-8824-4B37-8344-500A7353A45E}.Debug|x86.ActiveCfg = Debug|Any CPU
		{18CF941C-8824-4B37-8344-500A7353A45E}.Debug|x86.Build.0 = Debug|Any CPU
		{18CF941C-8824-4B37-8344-500A7353A45E}.Debug20|Any CPU.ActiveCfg = Debug|Any CPU
		{18CF941C-8824-4B37-8344-500A7353A45E}.Debug20|Any CPU.Build.0 = Debug|Any CPU
		{18CF941C-8824-4B37-8344-500A7353A45E}.Debug20|iPhone.ActiveCfg = Debug|Any CPU
		{18CF941C-8824-4B37-8344-500A7353A45E}.Debug20|iPhone.Build.0 = Debug|Any CPU
		{18CF941C-8824-4B37-8344-500A7353A45E}.Debug20|iPhoneSimulator.ActiveCfg = Debug|Any CPU
		{18CF941C-8824-4B37-8344-500A7353A45E}.Debug20|iPhoneSimulator.Build.0 = Debug|Any CPU
		{18CF941C-8824-4B37-8344-500A7353A45E}.Debug20|x86.ActiveCfg = Debug|Any CPU
		{18CF941C-8824-4B37-8344-500A7353A45E}.Debug20|x86.Build.0 = Debug|Any CPU
		{18CF941C-8824-4B37-8344-500A7353A45E}.Debug35|Any CPU.ActiveCfg = Debug|Any CPU
		{18CF941C-8824-4B37-8344-500A7353A45E}.Debug35|Any CPU.Build.0 = Debug|Any CPU
		{18CF941C-8824-4B37-8344-500A7353A45E}.Debug35|iPhone.ActiveCfg = Debug|Any CPU
		{18CF941C-8824-4B37-8344-500A7353A45E}.Debug35|iPhone.Build.0 = Debug|Any CPU
		{18CF941C-8824-4B37-8344-500A7353A45E}.Debug35|iPhoneSimulator.ActiveCfg = Debug|Any CPU
		{18CF941C-8824-4B37-8344-500A7353A45E}.Debug35|iPhoneSimulator.Build.0 = Debug|Any CPU
		{18CF941C-8824-4B37-8344-500A7353A45E}.Debug35|x86.ActiveCfg = Debug|Any CPU
		{18CF941C-8824-4B37-8344-500A7353A45E}.Debug35|x86.Build.0 = Debug|Any CPU
		{18CF941C-8824-4B37-8344-500A7353A45E}.Debug40|Any CPU.ActiveCfg = Debug|Any CPU
		{18CF941C-8824-4B37-8344-500A7353A45E}.Debug40|Any CPU.Build.0 = Debug|Any CPU
		{18CF941C-8824-4B37-8344-500A7353A45E}.Debug40|iPhone.ActiveCfg = Debug|Any CPU
		{18CF941C-8824-4B37-8344-500A7353A45E}.Debug40|iPhone.Build.0 = Debug|Any CPU
		{18CF941C-8824-4B37-8344-500A7353A45E}.Debug40|iPhoneSimulator.ActiveCfg = Debug|Any CPU
		{18CF941C-8824-4B37-8344-500A7353A45E}.Debug40|iPhoneSimulator.Build.0 = Debug|Any CPU
		{18CF941C-8824-4B37-8344-500A7353A45E}.Debug40|x86.ActiveCfg = Debug|Any CPU
		{18CF941C-8824-4B37-8344-500A7353A45E}.Debug40|x86.Build.0 = Debug|Any CPU
		{18CF941C-8824-4B37-8344-500A7353A45E}.Debug40Client|Any CPU.ActiveCfg = Debug|Any CPU
		{18CF941C-8824-4B37-8344-500A7353A45E}.Debug40Client|Any CPU.Build.0 = Debug|Any CPU
		{18CF941C-8824-4B37-8344-500A7353A45E}.Debug40Client|iPhone.ActiveCfg = Debug|Any CPU
		{18CF941C-8824-4B37-8344-500A7353A45E}.Debug40Client|iPhone.Build.0 = Debug|Any CPU
		{18CF941C-8824-4B37-8344-500A7353A45E}.Debug40Client|iPhoneSimulator.ActiveCfg = Debug|Any CPU
		{18CF941C-8824-4B37-8344-500A7353A45E}.Debug40Client|iPhoneSimulator.Build.0 = Debug|Any CPU
		{18CF941C-8824-4B37-8344-500A7353A45E}.Debug40Client|x86.ActiveCfg = Debug|Any CPU
		{18CF941C-8824-4B37-8344-500A7353A45E}.Debug40Client|x86.Build.0 = Debug|Any CPU
		{18CF941C-8824-4B37-8344-500A7353A45E}.Debug45|Any CPU.ActiveCfg = Debug|Any CPU
		{18CF941C-8824-4B37-8344-500A7353A45E}.Debug45|Any CPU.Build.0 = Debug|Any CPU
		{18CF941C-8824-4B37-8344-500A7353A45E}.Debug45|iPhone.ActiveCfg = Debug|Any CPU
		{18CF941C-8824-4B37-8344-500A7353A45E}.Debug45|iPhone.Build.0 = Debug|Any CPU
		{18CF941C-8824-4B37-8344-500A7353A45E}.Debug45|iPhoneSimulator.ActiveCfg = Debug|Any CPU
		{18CF941C-8824-4B37-8344-500A7353A45E}.Debug45|iPhoneSimulator.Build.0 = Debug|Any CPU
		{18CF941C-8824-4B37-8344-500A7353A45E}.Debug45|x86.ActiveCfg = Debug|Any CPU
		{18CF941C-8824-4B37-8344-500A7353A45E}.Debug45|x86.Build.0 = Debug|Any CPU
		{18CF941C-8824-4B37-8344-500A7353A45E}.Debug451|Any CPU.ActiveCfg = Debug|Any CPU
		{18CF941C-8824-4B37-8344-500A7353A45E}.Debug451|Any CPU.Build.0 = Debug|Any CPU
		{18CF941C-8824-4B37-8344-500A7353A45E}.Debug451|iPhone.ActiveCfg = Debug|Any CPU
		{18CF941C-8824-4B37-8344-500A7353A45E}.Debug451|iPhone.Build.0 = Debug|Any CPU
		{18CF941C-8824-4B37-8344-500A7353A45E}.Debug451|iPhoneSimulator.ActiveCfg = Debug|Any CPU
		{18CF941C-8824-4B37-8344-500A7353A45E}.Debug451|iPhoneSimulator.Build.0 = Debug|Any CPU
		{18CF941C-8824-4B37-8344-500A7353A45E}.Debug451|x86.ActiveCfg = Debug|Any CPU
		{18CF941C-8824-4B37-8344-500A7353A45E}.Debug451|x86.Build.0 = Debug|Any CPU
		{18CF941C-8824-4B37-8344-500A7353A45E}.Release|Any CPU.ActiveCfg = Release|Any CPU
		{18CF941C-8824-4B37-8344-500A7353A45E}.Release|Any CPU.Build.0 = Release|Any CPU
		{18CF941C-8824-4B37-8344-500A7353A45E}.Release|iPhone.ActiveCfg = Release|Any CPU
		{18CF941C-8824-4B37-8344-500A7353A45E}.Release|iPhone.Build.0 = Release|Any CPU
		{18CF941C-8824-4B37-8344-500A7353A45E}.Release|iPhoneSimulator.ActiveCfg = Release|Any CPU
		{18CF941C-8824-4B37-8344-500A7353A45E}.Release|iPhoneSimulator.Build.0 = Release|Any CPU
		{18CF941C-8824-4B37-8344-500A7353A45E}.Release|x86.ActiveCfg = Release|Any CPU
		{18CF941C-8824-4B37-8344-500A7353A45E}.Release|x86.Build.0 = Release|Any CPU
		{18CF941C-8824-4B37-8344-500A7353A45E}.Release20|Any CPU.ActiveCfg = Release|Any CPU
		{18CF941C-8824-4B37-8344-500A7353A45E}.Release20|Any CPU.Build.0 = Release|Any CPU
		{18CF941C-8824-4B37-8344-500A7353A45E}.Release20|iPhone.ActiveCfg = Release|Any CPU
		{18CF941C-8824-4B37-8344-500A7353A45E}.Release20|iPhone.Build.0 = Release|Any CPU
		{18CF941C-8824-4B37-8344-500A7353A45E}.Release20|iPhoneSimulator.ActiveCfg = Release|Any CPU
		{18CF941C-8824-4B37-8344-500A7353A45E}.Release20|iPhoneSimulator.Build.0 = Release|Any CPU
		{18CF941C-8824-4B37-8344-500A7353A45E}.Release20|x86.ActiveCfg = Release|Any CPU
		{18CF941C-8824-4B37-8344-500A7353A45E}.Release20|x86.Build.0 = Release|Any CPU
		{18CF941C-8824-4B37-8344-500A7353A45E}.Release35|Any CPU.ActiveCfg = Release|Any CPU
		{18CF941C-8824-4B37-8344-500A7353A45E}.Release35|Any CPU.Build.0 = Release|Any CPU
		{18CF941C-8824-4B37-8344-500A7353A45E}.Release35|iPhone.ActiveCfg = Release|Any CPU
		{18CF941C-8824-4B37-8344-500A7353A45E}.Release35|iPhone.Build.0 = Release|Any CPU
		{18CF941C-8824-4B37-8344-500A7353A45E}.Release35|iPhoneSimulator.ActiveCfg = Release|Any CPU
		{18CF941C-8824-4B37-8344-500A7353A45E}.Release35|iPhoneSimulator.Build.0 = Release|Any CPU
		{18CF941C-8824-4B37-8344-500A7353A45E}.Release35|x86.ActiveCfg = Release|Any CPU
		{18CF941C-8824-4B37-8344-500A7353A45E}.Release35|x86.Build.0 = Release|Any CPU
		{18CF941C-8824-4B37-8344-500A7353A45E}.Release40|Any CPU.ActiveCfg = Release|Any CPU
		{18CF941C-8824-4B37-8344-500A7353A45E}.Release40|Any CPU.Build.0 = Release|Any CPU
		{18CF941C-8824-4B37-8344-500A7353A45E}.Release40|iPhone.ActiveCfg = Release|Any CPU
		{18CF941C-8824-4B37-8344-500A7353A45E}.Release40|iPhone.Build.0 = Release|Any CPU
		{18CF941C-8824-4B37-8344-500A7353A45E}.Release40|iPhoneSimulator.ActiveCfg = Release|Any CPU
		{18CF941C-8824-4B37-8344-500A7353A45E}.Release40|iPhoneSimulator.Build.0 = Release|Any CPU
		{18CF941C-8824-4B37-8344-500A7353A45E}.Release40|x86.ActiveCfg = Release|Any CPU
		{18CF941C-8824-4B37-8344-500A7353A45E}.Release40|x86.Build.0 = Release|Any CPU
		{18CF941C-8824-4B37-8344-500A7353A45E}.Release40Client|Any CPU.ActiveCfg = Release|Any CPU
		{18CF941C-8824-4B37-8344-500A7353A45E}.Release40Client|Any CPU.Build.0 = Release|Any CPU
		{18CF941C-8824-4B37-8344-500A7353A45E}.Release40Client|iPhone.ActiveCfg = Release|Any CPU
		{18CF941C-8824-4B37-8344-500A7353A45E}.Release40Client|iPhone.Build.0 = Release|Any CPU
		{18CF941C-8824-4B37-8344-500A7353A45E}.Release40Client|iPhoneSimulator.ActiveCfg = Release|Any CPU
		{18CF941C-8824-4B37-8344-500A7353A45E}.Release40Client|iPhoneSimulator.Build.0 = Release|Any CPU
		{18CF941C-8824-4B37-8344-500A7353A45E}.Release40Client|x86.ActiveCfg = Release|Any CPU
		{18CF941C-8824-4B37-8344-500A7353A45E}.Release40Client|x86.Build.0 = Release|Any CPU
		{18CF941C-8824-4B37-8344-500A7353A45E}.Release45|Any CPU.ActiveCfg = Release|Any CPU
		{18CF941C-8824-4B37-8344-500A7353A45E}.Release45|Any CPU.Build.0 = Release|Any CPU
		{18CF941C-8824-4B37-8344-500A7353A45E}.Release45|iPhone.ActiveCfg = Release|Any CPU
		{18CF941C-8824-4B37-8344-500A7353A45E}.Release45|iPhone.Build.0 = Release|Any CPU
		{18CF941C-8824-4B37-8344-500A7353A45E}.Release45|iPhoneSimulator.ActiveCfg = Release|Any CPU
		{18CF941C-8824-4B37-8344-500A7353A45E}.Release45|iPhoneSimulator.Build.0 = Release|Any CPU
		{18CF941C-8824-4B37-8344-500A7353A45E}.Release45|x86.ActiveCfg = Release|Any CPU
		{18CF941C-8824-4B37-8344-500A7353A45E}.Release45|x86.Build.0 = Release|Any CPU
		{18CF941C-8824-4B37-8344-500A7353A45E}.Release451|Any CPU.ActiveCfg = Release|Any CPU
		{18CF941C-8824-4B37-8344-500A7353A45E}.Release451|Any CPU.Build.0 = Release|Any CPU
		{18CF941C-8824-4B37-8344-500A7353A45E}.Release451|iPhone.ActiveCfg = Release|Any CPU
		{18CF941C-8824-4B37-8344-500A7353A45E}.Release451|iPhone.Build.0 = Release|Any CPU
		{18CF941C-8824-4B37-8344-500A7353A45E}.Release451|iPhoneSimulator.ActiveCfg = Release|Any CPU
		{18CF941C-8824-4B37-8344-500A7353A45E}.Release451|iPhoneSimulator.Build.0 = Release|Any CPU
		{18CF941C-8824-4B37-8344-500A7353A45E}.Release451|x86.ActiveCfg = Release|Any CPU
		{18CF941C-8824-4B37-8344-500A7353A45E}.Release451|x86.Build.0 = Release|Any CPU
		{DA780CA0-2606-4259-91C4-3F38C5C90592}.Ad-Hoc|Any CPU.ActiveCfg = Release20|Any CPU
		{DA780CA0-2606-4259-91C4-3F38C5C90592}.Ad-Hoc|Any CPU.Build.0 = Release20|Any CPU
		{DA780CA0-2606-4259-91C4-3F38C5C90592}.Ad-Hoc|iPhone.ActiveCfg = Release20|Any CPU
		{DA780CA0-2606-4259-91C4-3F38C5C90592}.Ad-Hoc|iPhone.Build.0 = Release20|Any CPU
		{DA780CA0-2606-4259-91C4-3F38C5C90592}.Ad-Hoc|iPhoneSimulator.ActiveCfg = Release20|Any CPU
		{DA780CA0-2606-4259-91C4-3F38C5C90592}.Ad-Hoc|iPhoneSimulator.Build.0 = Release20|Any CPU
		{DA780CA0-2606-4259-91C4-3F38C5C90592}.Ad-Hoc|x86.ActiveCfg = Release20|Any CPU
		{DA780CA0-2606-4259-91C4-3F38C5C90592}.Ad-Hoc|x86.Build.0 = Release20|Any CPU
		{DA780CA0-2606-4259-91C4-3F38C5C90592}.AppStore|Any CPU.ActiveCfg = Release20|Any CPU
		{DA780CA0-2606-4259-91C4-3F38C5C90592}.AppStore|Any CPU.Build.0 = Release20|Any CPU
		{DA780CA0-2606-4259-91C4-3F38C5C90592}.AppStore|iPhone.ActiveCfg = Release20|Any CPU
		{DA780CA0-2606-4259-91C4-3F38C5C90592}.AppStore|iPhone.Build.0 = Release20|Any CPU
		{DA780CA0-2606-4259-91C4-3F38C5C90592}.AppStore|iPhoneSimulator.ActiveCfg = Release20|Any CPU
		{DA780CA0-2606-4259-91C4-3F38C5C90592}.AppStore|iPhoneSimulator.Build.0 = Release20|Any CPU
		{DA780CA0-2606-4259-91C4-3F38C5C90592}.AppStore|x86.ActiveCfg = Release20|Any CPU
		{DA780CA0-2606-4259-91C4-3F38C5C90592}.AppStore|x86.Build.0 = Release20|Any CPU
		{DA780CA0-2606-4259-91C4-3F38C5C90592}.Debug|Any CPU.ActiveCfg = Debug451|Any CPU
		{DA780CA0-2606-4259-91C4-3F38C5C90592}.Debug|Any CPU.Build.0 = Debug451|Any CPU
		{DA780CA0-2606-4259-91C4-3F38C5C90592}.Debug|iPhone.ActiveCfg = Debug20|Any CPU
		{DA780CA0-2606-4259-91C4-3F38C5C90592}.Debug|iPhone.Build.0 = Debug20|Any CPU
		{DA780CA0-2606-4259-91C4-3F38C5C90592}.Debug|iPhoneSimulator.ActiveCfg = Debug20|Any CPU
		{DA780CA0-2606-4259-91C4-3F38C5C90592}.Debug|iPhoneSimulator.Build.0 = Debug20|Any CPU
		{DA780CA0-2606-4259-91C4-3F38C5C90592}.Debug|x86.ActiveCfg = Debug20|Any CPU
		{DA780CA0-2606-4259-91C4-3F38C5C90592}.Debug|x86.Build.0 = Debug20|Any CPU
		{DA780CA0-2606-4259-91C4-3F38C5C90592}.Debug20|Any CPU.ActiveCfg = Debug20|Any CPU
		{DA780CA0-2606-4259-91C4-3F38C5C90592}.Debug20|Any CPU.Build.0 = Debug20|Any CPU
		{DA780CA0-2606-4259-91C4-3F38C5C90592}.Debug20|iPhone.ActiveCfg = Debug20|Any CPU
		{DA780CA0-2606-4259-91C4-3F38C5C90592}.Debug20|iPhone.Build.0 = Debug20|Any CPU
		{DA780CA0-2606-4259-91C4-3F38C5C90592}.Debug20|iPhoneSimulator.ActiveCfg = Debug20|Any CPU
		{DA780CA0-2606-4259-91C4-3F38C5C90592}.Debug20|iPhoneSimulator.Build.0 = Debug20|Any CPU
		{DA780CA0-2606-4259-91C4-3F38C5C90592}.Debug20|x86.ActiveCfg = Debug20|Any CPU
		{DA780CA0-2606-4259-91C4-3F38C5C90592}.Debug20|x86.Build.0 = Debug20|Any CPU
		{DA780CA0-2606-4259-91C4-3F38C5C90592}.Debug35|Any CPU.ActiveCfg = Debug35|Any CPU
		{DA780CA0-2606-4259-91C4-3F38C5C90592}.Debug35|Any CPU.Build.0 = Debug35|Any CPU
		{DA780CA0-2606-4259-91C4-3F38C5C90592}.Debug35|iPhone.ActiveCfg = Debug35|Any CPU
		{DA780CA0-2606-4259-91C4-3F38C5C90592}.Debug35|iPhone.Build.0 = Debug35|Any CPU
		{DA780CA0-2606-4259-91C4-3F38C5C90592}.Debug35|iPhoneSimulator.ActiveCfg = Debug35|Any CPU
		{DA780CA0-2606-4259-91C4-3F38C5C90592}.Debug35|iPhoneSimulator.Build.0 = Debug35|Any CPU
		{DA780CA0-2606-4259-91C4-3F38C5C90592}.Debug35|x86.ActiveCfg = Debug35|Any CPU
		{DA780CA0-2606-4259-91C4-3F38C5C90592}.Debug35|x86.Build.0 = Debug35|Any CPU
		{DA780CA0-2606-4259-91C4-3F38C5C90592}.Debug40|Any CPU.ActiveCfg = Debug40|Any CPU
		{DA780CA0-2606-4259-91C4-3F38C5C90592}.Debug40|Any CPU.Build.0 = Debug40|Any CPU
		{DA780CA0-2606-4259-91C4-3F38C5C90592}.Debug40|iPhone.ActiveCfg = Debug40|Any CPU
		{DA780CA0-2606-4259-91C4-3F38C5C90592}.Debug40|iPhone.Build.0 = Debug40|Any CPU
		{DA780CA0-2606-4259-91C4-3F38C5C90592}.Debug40|iPhoneSimulator.ActiveCfg = Debug40|Any CPU
		{DA780CA0-2606-4259-91C4-3F38C5C90592}.Debug40|iPhoneSimulator.Build.0 = Debug40|Any CPU
		{DA780CA0-2606-4259-91C4-3F38C5C90592}.Debug40|x86.ActiveCfg = Debug40|Any CPU
		{DA780CA0-2606-4259-91C4-3F38C5C90592}.Debug40|x86.Build.0 = Debug40|Any CPU
		{DA780CA0-2606-4259-91C4-3F38C5C90592}.Debug40Client|Any CPU.ActiveCfg = Debug40Client|Any CPU
		{DA780CA0-2606-4259-91C4-3F38C5C90592}.Debug40Client|Any CPU.Build.0 = Debug40Client|Any CPU
		{DA780CA0-2606-4259-91C4-3F38C5C90592}.Debug40Client|iPhone.ActiveCfg = Debug40Client|Any CPU
		{DA780CA0-2606-4259-91C4-3F38C5C90592}.Debug40Client|iPhone.Build.0 = Debug40Client|Any CPU
		{DA780CA0-2606-4259-91C4-3F38C5C90592}.Debug40Client|iPhoneSimulator.ActiveCfg = Debug40Client|Any CPU
		{DA780CA0-2606-4259-91C4-3F38C5C90592}.Debug40Client|iPhoneSimulator.Build.0 = Debug40Client|Any CPU
		{DA780CA0-2606-4259-91C4-3F38C5C90592}.Debug40Client|x86.ActiveCfg = Debug40Client|Any CPU
		{DA780CA0-2606-4259-91C4-3F38C5C90592}.Debug40Client|x86.Build.0 = Debug40Client|Any CPU
		{DA780CA0-2606-4259-91C4-3F38C5C90592}.Debug45|Any CPU.ActiveCfg = Debug45|Any CPU
		{DA780CA0-2606-4259-91C4-3F38C5C90592}.Debug45|Any CPU.Build.0 = Debug45|Any CPU
		{DA780CA0-2606-4259-91C4-3F38C5C90592}.Debug45|iPhone.ActiveCfg = Debug45|Any CPU
		{DA780CA0-2606-4259-91C4-3F38C5C90592}.Debug45|iPhone.Build.0 = Debug45|Any CPU
		{DA780CA0-2606-4259-91C4-3F38C5C90592}.Debug45|iPhoneSimulator.ActiveCfg = Debug45|Any CPU
		{DA780CA0-2606-4259-91C4-3F38C5C90592}.Debug45|iPhoneSimulator.Build.0 = Debug45|Any CPU
		{DA780CA0-2606-4259-91C4-3F38C5C90592}.Debug45|x86.ActiveCfg = Debug45|Any CPU
		{DA780CA0-2606-4259-91C4-3F38C5C90592}.Debug45|x86.Build.0 = Debug45|Any CPU
		{DA780CA0-2606-4259-91C4-3F38C5C90592}.Debug451|Any CPU.ActiveCfg = Debug451|Any CPU
		{DA780CA0-2606-4259-91C4-3F38C5C90592}.Debug451|Any CPU.Build.0 = Debug451|Any CPU
		{DA780CA0-2606-4259-91C4-3F38C5C90592}.Debug451|iPhone.ActiveCfg = Debug451|Any CPU
		{DA780CA0-2606-4259-91C4-3F38C5C90592}.Debug451|iPhone.Build.0 = Debug451|Any CPU
		{DA780CA0-2606-4259-91C4-3F38C5C90592}.Debug451|iPhoneSimulator.ActiveCfg = Debug451|Any CPU
		{DA780CA0-2606-4259-91C4-3F38C5C90592}.Debug451|iPhoneSimulator.Build.0 = Debug451|Any CPU
		{DA780CA0-2606-4259-91C4-3F38C5C90592}.Debug451|x86.ActiveCfg = Debug451|Any CPU
		{DA780CA0-2606-4259-91C4-3F38C5C90592}.Debug451|x86.Build.0 = Debug451|Any CPU
		{DA780CA0-2606-4259-91C4-3F38C5C90592}.Release|Any CPU.ActiveCfg = Release451|Any CPU
		{DA780CA0-2606-4259-91C4-3F38C5C90592}.Release|Any CPU.Build.0 = Release451|Any CPU
		{DA780CA0-2606-4259-91C4-3F38C5C90592}.Release|iPhone.ActiveCfg = Release20|Any CPU
		{DA780CA0-2606-4259-91C4-3F38C5C90592}.Release|iPhone.Build.0 = Release20|Any CPU
		{DA780CA0-2606-4259-91C4-3F38C5C90592}.Release|iPhoneSimulator.ActiveCfg = Release20|Any CPU
		{DA780CA0-2606-4259-91C4-3F38C5C90592}.Release|iPhoneSimulator.Build.0 = Release20|Any CPU
		{DA780CA0-2606-4259-91C4-3F38C5C90592}.Release|x86.ActiveCfg = Release20|Any CPU
		{DA780CA0-2606-4259-91C4-3F38C5C90592}.Release|x86.Build.0 = Release20|Any CPU
		{DA780CA0-2606-4259-91C4-3F38C5C90592}.Release20|Any CPU.ActiveCfg = Release20|Any CPU
		{DA780CA0-2606-4259-91C4-3F38C5C90592}.Release20|Any CPU.Build.0 = Release20|Any CPU
		{DA780CA0-2606-4259-91C4-3F38C5C90592}.Release20|iPhone.ActiveCfg = Release20|Any CPU
		{DA780CA0-2606-4259-91C4-3F38C5C90592}.Release20|iPhone.Build.0 = Release20|Any CPU
		{DA780CA0-2606-4259-91C4-3F38C5C90592}.Release20|iPhoneSimulator.ActiveCfg = Release20|Any CPU
		{DA780CA0-2606-4259-91C4-3F38C5C90592}.Release20|iPhoneSimulator.Build.0 = Release20|Any CPU
		{DA780CA0-2606-4259-91C4-3F38C5C90592}.Release20|x86.ActiveCfg = Release20|Any CPU
		{DA780CA0-2606-4259-91C4-3F38C5C90592}.Release20|x86.Build.0 = Release20|Any CPU
		{DA780CA0-2606-4259-91C4-3F38C5C90592}.Release35|Any CPU.ActiveCfg = Release35|Any CPU
		{DA780CA0-2606-4259-91C4-3F38C5C90592}.Release35|Any CPU.Build.0 = Release35|Any CPU
		{DA780CA0-2606-4259-91C4-3F38C5C90592}.Release35|iPhone.ActiveCfg = Release35|Any CPU
		{DA780CA0-2606-4259-91C4-3F38C5C90592}.Release35|iPhone.Build.0 = Release35|Any CPU
		{DA780CA0-2606-4259-91C4-3F38C5C90592}.Release35|iPhoneSimulator.ActiveCfg = Release35|Any CPU
		{DA780CA0-2606-4259-91C4-3F38C5C90592}.Release35|iPhoneSimulator.Build.0 = Release35|Any CPU
		{DA780CA0-2606-4259-91C4-3F38C5C90592}.Release35|x86.ActiveCfg = Release35|Any CPU
		{DA780CA0-2606-4259-91C4-3F38C5C90592}.Release35|x86.Build.0 = Release35|Any CPU
		{DA780CA0-2606-4259-91C4-3F38C5C90592}.Release40|Any CPU.ActiveCfg = Release40|Any CPU
		{DA780CA0-2606-4259-91C4-3F38C5C90592}.Release40|Any CPU.Build.0 = Release40|Any CPU
		{DA780CA0-2606-4259-91C4-3F38C5C90592}.Release40|iPhone.ActiveCfg = Release40|Any CPU
		{DA780CA0-2606-4259-91C4-3F38C5C90592}.Release40|iPhone.Build.0 = Release40|Any CPU
		{DA780CA0-2606-4259-91C4-3F38C5C90592}.Release40|iPhoneSimulator.ActiveCfg = Release40|Any CPU
		{DA780CA0-2606-4259-91C4-3F38C5C90592}.Release40|iPhoneSimulator.Build.0 = Release40|Any CPU
		{DA780CA0-2606-4259-91C4-3F38C5C90592}.Release40|x86.ActiveCfg = Release40|Any CPU
		{DA780CA0-2606-4259-91C4-3F38C5C90592}.Release40|x86.Build.0 = Release40|Any CPU
		{DA780CA0-2606-4259-91C4-3F38C5C90592}.Release40Client|Any CPU.ActiveCfg = Release40Client|Any CPU
		{DA780CA0-2606-4259-91C4-3F38C5C90592}.Release40Client|Any CPU.Build.0 = Release40Client|Any CPU
		{DA780CA0-2606-4259-91C4-3F38C5C90592}.Release40Client|iPhone.ActiveCfg = Release40Client|Any CPU
		{DA780CA0-2606-4259-91C4-3F38C5C90592}.Release40Client|iPhone.Build.0 = Release40Client|Any CPU
		{DA780CA0-2606-4259-91C4-3F38C5C90592}.Release40Client|iPhoneSimulator.ActiveCfg = Release40Client|Any CPU
		{DA780CA0-2606-4259-91C4-3F38C5C90592}.Release40Client|iPhoneSimulator.Build.0 = Release40Client|Any CPU
		{DA780CA0-2606-4259-91C4-3F38C5C90592}.Release40Client|x86.ActiveCfg = Release40Client|Any CPU
		{DA780CA0-2606-4259-91C4-3F38C5C90592}.Release40Client|x86.Build.0 = Release40Client|Any CPU
		{DA780CA0-2606-4259-91C4-3F38C5C90592}.Release45|Any CPU.ActiveCfg = Release45|Any CPU
		{DA780CA0-2606-4259-91C4-3F38C5C90592}.Release45|Any CPU.Build.0 = Release45|Any CPU
		{DA780CA0-2606-4259-91C4-3F38C5C90592}.Release45|iPhone.ActiveCfg = Release45|Any CPU
		{DA780CA0-2606-4259-91C4-3F38C5C90592}.Release45|iPhone.Build.0 = Release45|Any CPU
		{DA780CA0-2606-4259-91C4-3F38C5C90592}.Release45|iPhoneSimulator.ActiveCfg = Release45|Any CPU
		{DA780CA0-2606-4259-91C4-3F38C5C90592}.Release45|iPhoneSimulator.Build.0 = Release45|Any CPU
		{DA780CA0-2606-4259-91C4-3F38C5C90592}.Release45|x86.ActiveCfg = Release45|Any CPU
		{DA780CA0-2606-4259-91C4-3F38C5C90592}.Release45|x86.Build.0 = Release45|Any CPU
		{DA780CA0-2606-4259-91C4-3F38C5C90592}.Release451|Any CPU.ActiveCfg = Release451|Any CPU
		{DA780CA0-2606-4259-91C4-3F38C5C90592}.Release451|Any CPU.Build.0 = Release451|Any CPU
		{DA780CA0-2606-4259-91C4-3F38C5C90592}.Release451|iPhone.ActiveCfg = Release451|Any CPU
		{DA780CA0-2606-4259-91C4-3F38C5C90592}.Release451|iPhone.Build.0 = Release451|Any CPU
		{DA780CA0-2606-4259-91C4-3F38C5C90592}.Release451|iPhoneSimulator.ActiveCfg = Release451|Any CPU
		{DA780CA0-2606-4259-91C4-3F38C5C90592}.Release451|iPhoneSimulator.Build.0 = Release451|Any CPU
		{DA780CA0-2606-4259-91C4-3F38C5C90592}.Release451|x86.ActiveCfg = Release451|Any CPU
		{DA780CA0-2606-4259-91C4-3F38C5C90592}.Release451|x86.Build.0 = Release451|Any CPU
		{353B6E1B-1415-4010-BABF-924C7158FC58}.Ad-Hoc|Any CPU.ActiveCfg = Release|Any CPU
		{353B6E1B-1415-4010-BABF-924C7158FC58}.Ad-Hoc|Any CPU.Build.0 = Release|Any CPU
		{353B6E1B-1415-4010-BABF-924C7158FC58}.Ad-Hoc|iPhone.ActiveCfg = Release|Any CPU
		{353B6E1B-1415-4010-BABF-924C7158FC58}.Ad-Hoc|iPhone.Build.0 = Release|Any CPU
		{353B6E1B-1415-4010-BABF-924C7158FC58}.Ad-Hoc|iPhoneSimulator.ActiveCfg = Release|Any CPU
		{353B6E1B-1415-4010-BABF-924C7158FC58}.Ad-Hoc|iPhoneSimulator.Build.0 = Release|Any CPU
		{353B6E1B-1415-4010-BABF-924C7158FC58}.Ad-Hoc|x86.ActiveCfg = Release|Any CPU
		{353B6E1B-1415-4010-BABF-924C7158FC58}.Ad-Hoc|x86.Build.0 = Release|Any CPU
		{353B6E1B-1415-4010-BABF-924C7158FC58}.AppStore|Any CPU.ActiveCfg = Release|Any CPU
		{353B6E1B-1415-4010-BABF-924C7158FC58}.AppStore|Any CPU.Build.0 = Release|Any CPU
		{353B6E1B-1415-4010-BABF-924C7158FC58}.AppStore|iPhone.ActiveCfg = Release|Any CPU
		{353B6E1B-1415-4010-BABF-924C7158FC58}.AppStore|iPhone.Build.0 = Release|Any CPU
		{353B6E1B-1415-4010-BABF-924C7158FC58}.AppStore|iPhoneSimulator.ActiveCfg = Release|Any CPU
		{353B6E1B-1415-4010-BABF-924C7158FC58}.AppStore|iPhoneSimulator.Build.0 = Release|Any CPU
		{353B6E1B-1415-4010-BABF-924C7158FC58}.AppStore|x86.ActiveCfg = Release|Any CPU
		{353B6E1B-1415-4010-BABF-924C7158FC58}.AppStore|x86.Build.0 = Release|Any CPU
		{353B6E1B-1415-4010-BABF-924C7158FC58}.Debug|Any CPU.ActiveCfg = Debug|Any CPU
		{353B6E1B-1415-4010-BABF-924C7158FC58}.Debug|Any CPU.Build.0 = Debug|Any CPU
		{353B6E1B-1415-4010-BABF-924C7158FC58}.Debug|iPhone.ActiveCfg = Debug|Any CPU
		{353B6E1B-1415-4010-BABF-924C7158FC58}.Debug|iPhone.Build.0 = Debug|Any CPU
		{353B6E1B-1415-4010-BABF-924C7158FC58}.Debug|iPhoneSimulator.ActiveCfg = Debug|Any CPU
		{353B6E1B-1415-4010-BABF-924C7158FC58}.Debug|iPhoneSimulator.Build.0 = Debug|Any CPU
		{353B6E1B-1415-4010-BABF-924C7158FC58}.Debug|x86.ActiveCfg = Debug|Any CPU
		{353B6E1B-1415-4010-BABF-924C7158FC58}.Debug|x86.Build.0 = Debug|Any CPU
		{353B6E1B-1415-4010-BABF-924C7158FC58}.Debug20|Any CPU.ActiveCfg = Debug|Any CPU
		{353B6E1B-1415-4010-BABF-924C7158FC58}.Debug20|Any CPU.Build.0 = Debug|Any CPU
		{353B6E1B-1415-4010-BABF-924C7158FC58}.Debug20|iPhone.ActiveCfg = Debug|Any CPU
		{353B6E1B-1415-4010-BABF-924C7158FC58}.Debug20|iPhone.Build.0 = Debug|Any CPU
		{353B6E1B-1415-4010-BABF-924C7158FC58}.Debug20|iPhoneSimulator.ActiveCfg = Debug|Any CPU
		{353B6E1B-1415-4010-BABF-924C7158FC58}.Debug20|iPhoneSimulator.Build.0 = Debug|Any CPU
		{353B6E1B-1415-4010-BABF-924C7158FC58}.Debug20|x86.ActiveCfg = Debug|Any CPU
		{353B6E1B-1415-4010-BABF-924C7158FC58}.Debug20|x86.Build.0 = Debug|Any CPU
		{353B6E1B-1415-4010-BABF-924C7158FC58}.Debug35|Any CPU.ActiveCfg = Debug|Any CPU
		{353B6E1B-1415-4010-BABF-924C7158FC58}.Debug35|Any CPU.Build.0 = Debug|Any CPU
		{353B6E1B-1415-4010-BABF-924C7158FC58}.Debug35|iPhone.ActiveCfg = Debug|Any CPU
		{353B6E1B-1415-4010-BABF-924C7158FC58}.Debug35|iPhone.Build.0 = Debug|Any CPU
		{353B6E1B-1415-4010-BABF-924C7158FC58}.Debug35|iPhoneSimulator.ActiveCfg = Debug|Any CPU
		{353B6E1B-1415-4010-BABF-924C7158FC58}.Debug35|iPhoneSimulator.Build.0 = Debug|Any CPU
		{353B6E1B-1415-4010-BABF-924C7158FC58}.Debug35|x86.ActiveCfg = Debug|Any CPU
		{353B6E1B-1415-4010-BABF-924C7158FC58}.Debug35|x86.Build.0 = Debug|Any CPU
		{353B6E1B-1415-4010-BABF-924C7158FC58}.Debug40|Any CPU.ActiveCfg = Debug|Any CPU
		{353B6E1B-1415-4010-BABF-924C7158FC58}.Debug40|Any CPU.Build.0 = Debug|Any CPU
		{353B6E1B-1415-4010-BABF-924C7158FC58}.Debug40|iPhone.ActiveCfg = Debug|Any CPU
		{353B6E1B-1415-4010-BABF-924C7158FC58}.Debug40|iPhone.Build.0 = Debug|Any CPU
		{353B6E1B-1415-4010-BABF-924C7158FC58}.Debug40|iPhoneSimulator.ActiveCfg = Debug|Any CPU
		{353B6E1B-1415-4010-BABF-924C7158FC58}.Debug40|iPhoneSimulator.Build.0 = Debug|Any CPU
		{353B6E1B-1415-4010-BABF-924C7158FC58}.Debug40|x86.ActiveCfg = Debug|Any CPU
		{353B6E1B-1415-4010-BABF-924C7158FC58}.Debug40|x86.Build.0 = Debug|Any CPU
		{353B6E1B-1415-4010-BABF-924C7158FC58}.Debug40Client|Any CPU.ActiveCfg = Debug|Any CPU
		{353B6E1B-1415-4010-BABF-924C7158FC58}.Debug40Client|Any CPU.Build.0 = Debug|Any CPU
		{353B6E1B-1415-4010-BABF-924C7158FC58}.Debug40Client|iPhone.ActiveCfg = Debug|Any CPU
		{353B6E1B-1415-4010-BABF-924C7158FC58}.Debug40Client|iPhone.Build.0 = Debug|Any CPU
		{353B6E1B-1415-4010-BABF-924C7158FC58}.Debug40Client|iPhoneSimulator.ActiveCfg = Debug|Any CPU
		{353B6E1B-1415-4010-BABF-924C7158FC58}.Debug40Client|iPhoneSimulator.Build.0 = Debug|Any CPU
		{353B6E1B-1415-4010-BABF-924C7158FC58}.Debug40Client|x86.ActiveCfg = Debug|Any CPU
		{353B6E1B-1415-4010-BABF-924C7158FC58}.Debug40Client|x86.Build.0 = Debug|Any CPU
		{353B6E1B-1415-4010-BABF-924C7158FC58}.Debug45|Any CPU.ActiveCfg = Debug|Any CPU
		{353B6E1B-1415-4010-BABF-924C7158FC58}.Debug45|Any CPU.Build.0 = Debug|Any CPU
		{353B6E1B-1415-4010-BABF-924C7158FC58}.Debug45|iPhone.ActiveCfg = Debug|Any CPU
		{353B6E1B-1415-4010-BABF-924C7158FC58}.Debug45|iPhone.Build.0 = Debug|Any CPU
		{353B6E1B-1415-4010-BABF-924C7158FC58}.Debug45|iPhoneSimulator.ActiveCfg = Debug|Any CPU
		{353B6E1B-1415-4010-BABF-924C7158FC58}.Debug45|iPhoneSimulator.Build.0 = Debug|Any CPU
		{353B6E1B-1415-4010-BABF-924C7158FC58}.Debug45|x86.ActiveCfg = Debug|Any CPU
		{353B6E1B-1415-4010-BABF-924C7158FC58}.Debug45|x86.Build.0 = Debug|Any CPU
		{353B6E1B-1415-4010-BABF-924C7158FC58}.Debug451|Any CPU.ActiveCfg = Debug|Any CPU
		{353B6E1B-1415-4010-BABF-924C7158FC58}.Debug451|Any CPU.Build.0 = Debug|Any CPU
		{353B6E1B-1415-4010-BABF-924C7158FC58}.Debug451|iPhone.ActiveCfg = Debug|Any CPU
		{353B6E1B-1415-4010-BABF-924C7158FC58}.Debug451|iPhone.Build.0 = Debug|Any CPU
		{353B6E1B-1415-4010-BABF-924C7158FC58}.Debug451|iPhoneSimulator.ActiveCfg = Debug|Any CPU
		{353B6E1B-1415-4010-BABF-924C7158FC58}.Debug451|iPhoneSimulator.Build.0 = Debug|Any CPU
		{353B6E1B-1415-4010-BABF-924C7158FC58}.Debug451|x86.ActiveCfg = Debug|Any CPU
		{353B6E1B-1415-4010-BABF-924C7158FC58}.Debug451|x86.Build.0 = Debug|Any CPU
		{353B6E1B-1415-4010-BABF-924C7158FC58}.Release|Any CPU.ActiveCfg = Release|Any CPU
		{353B6E1B-1415-4010-BABF-924C7158FC58}.Release|Any CPU.Build.0 = Release|Any CPU
		{353B6E1B-1415-4010-BABF-924C7158FC58}.Release|iPhone.ActiveCfg = Release|Any CPU
		{353B6E1B-1415-4010-BABF-924C7158FC58}.Release|iPhone.Build.0 = Release|Any CPU
		{353B6E1B-1415-4010-BABF-924C7158FC58}.Release|iPhoneSimulator.ActiveCfg = Release|Any CPU
		{353B6E1B-1415-4010-BABF-924C7158FC58}.Release|iPhoneSimulator.Build.0 = Release|Any CPU
		{353B6E1B-1415-4010-BABF-924C7158FC58}.Release|x86.ActiveCfg = Release|Any CPU
		{353B6E1B-1415-4010-BABF-924C7158FC58}.Release|x86.Build.0 = Release|Any CPU
		{353B6E1B-1415-4010-BABF-924C7158FC58}.Release20|Any CPU.ActiveCfg = Release|Any CPU
		{353B6E1B-1415-4010-BABF-924C7158FC58}.Release20|Any CPU.Build.0 = Release|Any CPU
		{353B6E1B-1415-4010-BABF-924C7158FC58}.Release20|iPhone.ActiveCfg = Release|Any CPU
		{353B6E1B-1415-4010-BABF-924C7158FC58}.Release20|iPhone.Build.0 = Release|Any CPU
		{353B6E1B-1415-4010-BABF-924C7158FC58}.Release20|iPhoneSimulator.ActiveCfg = Release|Any CPU
		{353B6E1B-1415-4010-BABF-924C7158FC58}.Release20|iPhoneSimulator.Build.0 = Release|Any CPU
		{353B6E1B-1415-4010-BABF-924C7158FC58}.Release20|x86.ActiveCfg = Release|Any CPU
		{353B6E1B-1415-4010-BABF-924C7158FC58}.Release20|x86.Build.0 = Release|Any CPU
		{353B6E1B-1415-4010-BABF-924C7158FC58}.Release35|Any CPU.ActiveCfg = Release|Any CPU
		{353B6E1B-1415-4010-BABF-924C7158FC58}.Release35|Any CPU.Build.0 = Release|Any CPU
		{353B6E1B-1415-4010-BABF-924C7158FC58}.Release35|iPhone.ActiveCfg = Release|Any CPU
		{353B6E1B-1415-4010-BABF-924C7158FC58}.Release35|iPhone.Build.0 = Release|Any CPU
		{353B6E1B-1415-4010-BABF-924C7158FC58}.Release35|iPhoneSimulator.ActiveCfg = Release|Any CPU
		{353B6E1B-1415-4010-BABF-924C7158FC58}.Release35|iPhoneSimulator.Build.0 = Release|Any CPU
		{353B6E1B-1415-4010-BABF-924C7158FC58}.Release35|x86.ActiveCfg = Release|Any CPU
		{353B6E1B-1415-4010-BABF-924C7158FC58}.Release35|x86.Build.0 = Release|Any CPU
		{353B6E1B-1415-4010-BABF-924C7158FC58}.Release40|Any CPU.ActiveCfg = Release|Any CPU
		{353B6E1B-1415-4010-BABF-924C7158FC58}.Release40|Any CPU.Build.0 = Release|Any CPU
		{353B6E1B-1415-4010-BABF-924C7158FC58}.Release40|iPhone.ActiveCfg = Release|Any CPU
		{353B6E1B-1415-4010-BABF-924C7158FC58}.Release40|iPhone.Build.0 = Release|Any CPU
		{353B6E1B-1415-4010-BABF-924C7158FC58}.Release40|iPhoneSimulator.ActiveCfg = Release|Any CPU
		{353B6E1B-1415-4010-BABF-924C7158FC58}.Release40|iPhoneSimulator.Build.0 = Release|Any CPU
		{353B6E1B-1415-4010-BABF-924C7158FC58}.Release40|x86.ActiveCfg = Release|Any CPU
		{353B6E1B-1415-4010-BABF-924C7158FC58}.Release40|x86.Build.0 = Release|Any CPU
		{353B6E1B-1415-4010-BABF-924C7158FC58}.Release40Client|Any CPU.ActiveCfg = Release|Any CPU
		{353B6E1B-1415-4010-BABF-924C7158FC58}.Release40Client|Any CPU.Build.0 = Release|Any CPU
		{353B6E1B-1415-4010-BABF-924C7158FC58}.Release40Client|iPhone.ActiveCfg = Release|Any CPU
		{353B6E1B-1415-4010-BABF-924C7158FC58}.Release40Client|iPhone.Build.0 = Release|Any CPU
		{353B6E1B-1415-4010-BABF-924C7158FC58}.Release40Client|iPhoneSimulator.ActiveCfg = Release|Any CPU
		{353B6E1B-1415-4010-BABF-924C7158FC58}.Release40Client|iPhoneSimulator.Build.0 = Release|Any CPU
		{353B6E1B-1415-4010-BABF-924C7158FC58}.Release40Client|x86.ActiveCfg = Release|Any CPU
		{353B6E1B-1415-4010-BABF-924C7158FC58}.Release40Client|x86.Build.0 = Release|Any CPU
		{353B6E1B-1415-4010-BABF-924C7158FC58}.Release45|Any CPU.ActiveCfg = Release|Any CPU
		{353B6E1B-1415-4010-BABF-924C7158FC58}.Release45|Any CPU.Build.0 = Release|Any CPU
		{353B6E1B-1415-4010-BABF-924C7158FC58}.Release45|iPhone.ActiveCfg = Release|Any CPU
		{353B6E1B-1415-4010-BABF-924C7158FC58}.Release45|iPhone.Build.0 = Release|Any CPU
		{353B6E1B-1415-4010-BABF-924C7158FC58}.Release45|iPhoneSimulator.ActiveCfg = Release|Any CPU
		{353B6E1B-1415-4010-BABF-924C7158FC58}.Release45|iPhoneSimulator.Build.0 = Release|Any CPU
		{353B6E1B-1415-4010-BABF-924C7158FC58}.Release45|x86.ActiveCfg = Release|Any CPU
		{353B6E1B-1415-4010-BABF-924C7158FC58}.Release45|x86.Build.0 = Release|Any CPU
		{353B6E1B-1415-4010-BABF-924C7158FC58}.Release451|Any CPU.ActiveCfg = Release|Any CPU
		{353B6E1B-1415-4010-BABF-924C7158FC58}.Release451|Any CPU.Build.0 = Release|Any CPU
		{353B6E1B-1415-4010-BABF-924C7158FC58}.Release451|iPhone.ActiveCfg = Release|Any CPU
		{353B6E1B-1415-4010-BABF-924C7158FC58}.Release451|iPhone.Build.0 = Release|Any CPU
		{353B6E1B-1415-4010-BABF-924C7158FC58}.Release451|iPhoneSimulator.ActiveCfg = Release|Any CPU
		{353B6E1B-1415-4010-BABF-924C7158FC58}.Release451|iPhoneSimulator.Build.0 = Release|Any CPU
		{353B6E1B-1415-4010-BABF-924C7158FC58}.Release451|x86.ActiveCfg = Release|Any CPU
		{353B6E1B-1415-4010-BABF-924C7158FC58}.Release451|x86.Build.0 = Release|Any CPU
	EndGlobalSection
	GlobalSection(SolutionProperties) = preSolution
		HideSolutionNode = FALSE
	EndGlobalSection
EndGlobal
