
Microsoft Visual Studio Solution File, Format Version 12.00
# Visual Studio 14
VisualStudioVersion = 14.0.25123.0
MinimumVisualStudioVersion = 10.0.40219.1
Project("{FAE04EC0-301F-11D3-BF4B-00C04F79EFBC}") = "HotsBpHelper", "HotsBpHelper\HotsBpHelper.csproj", "{03E7490D-1FB2-4E59-8B83-8DD3A6F0E137}"
EndProject
Project("{FAE04EC0-301F-11D3-BF4B-00C04F79EFBC}") = "OcrDebugger", "OcrDebugger\OcrDebugger.csproj", "{18CF941C-8824-4B37-8344-500A7353A45E}"
EndProject
Project("{FAE04EC0-301F-11D3-BF4B-00C04F79EFBC}") = "DotNetHelper", "DotNetHelper\DotNetHelper.csproj", "{353B6E1B-1415-4010-BABF-924C7158FC58}"
EndProject
Project("{FAE04EC0-301F-11D3-BF4B-00C04F79EFBC}") = "ImageProcessor", "ImageProcessor\ImageProcessor.csproj", "{F726A9C5-3C1F-4082-AEC2-8B642AB3EA69}"
EndProject
Project("{FAE04EC0-301F-11D3-BF4B-00C04F79EFBC}") = "Heroes.ReplayParser", "..\HotsStats-master\Heroes.ReplayParser\Heroes.ReplayParser.csproj", "{AAF78D53-A1DA-424A-B1AA-09895EAB3B2B}"
EndProject
Project("{FAE04EC0-301F-11D3-BF4B-00C04F79EFBC}") = "OcrDebugger", "OcrDebugger\OcrDebugger.csproj", "{18CF941C-8824-4B37-8344-500A7353A45E}"
EndProject
Project("{FAE04EC0-301F-11D3-BF4B-00C04F79EFBC}") = "DotNetHelper", "DotNetHelper\DotNetHelper.csproj", "{353B6E1B-1415-4010-BABF-924C7158FC58}"
EndProject
Project("{FAE04EC0-301F-11D3-BF4B-00C04F79EFBC}") = "Stylet", "..\Stylet-master\Stylet-master\Stylet\Stylet.csproj", "{2435BD00-AC12-48B0-AD36-9BAB2FDEC3F5}"
EndProject
Project("{2150E333-8FDC-42A3-9474-1A3956D46DE8}") = "Solution Items", "Solution Items", "{12085F61-C2B8-4C70-9EFC-2EE2F7DD2AF9}"
	ProjectSection(SolutionItems) = preProject
		Performance1.psess = Performance1.psess
	EndProjectSection
EndProject
Project("{FAE04EC0-301F-11D3-BF4B-00C04F79EFBC}") = "BrowserSubProcess", "BrowserSubProcess\BrowserSubProcess.csproj", "{1DD240B0-72D7-431D-A561-AC2902EB47C7}"
EndProject
Project("{FAE04EC0-301F-11D3-BF4B-00C04F79EFBC}") = "BpHelperMonitor", "BpHelperMonitor\BpHelperMonitor.csproj", "{B4F13C01-BD76-4800-B7A4-CBF31B6BAA28}"
EndProject
Global
	GlobalSection(SolutionConfigurationPlatforms) = preSolution
		Debug|Any CPU = Debug|Any CPU
		Debug|iPhone = Debug|iPhone
		Debug|iPhoneSimulator = Debug|iPhoneSimulator
		Debug|x86 = Debug|x86
		Deploy|Any CPU = Deploy|Any CPU
		Deploy|x86 = Deploy|x86
		Release|Any CPU = Release|Any CPU
		Release|iPhone = Release|iPhone
		Release|iPhoneSimulator = Release|iPhoneSimulator
		Release|x86 = Release|x86
	EndGlobalSection
	GlobalSection(ProjectConfigurationPlatforms) = postSolution
		{03E7490D-1FB2-4E59-8B83-8DD3A6F0E137}.Debug|Any CPU.ActiveCfg = Debug|Any CPU
		{03E7490D-1FB2-4E59-8B83-8DD3A6F0E137}.Debug|Any CPU.Build.0 = Debug|Any CPU
		{03E7490D-1FB2-4E59-8B83-8DD3A6F0E137}.Debug|iPhone.ActiveCfg = Debug|Any CPU
		{03E7490D-1FB2-4E59-8B83-8DD3A6F0E137}.Debug|iPhone.Build.0 = Debug|Any CPU
		{03E7490D-1FB2-4E59-8B83-8DD3A6F0E137}.Debug|iPhoneSimulator.ActiveCfg = Debug|Any CPU
		{03E7490D-1FB2-4E59-8B83-8DD3A6F0E137}.Debug|iPhoneSimulator.Build.0 = Debug|Any CPU
		{03E7490D-1FB2-4E59-8B83-8DD3A6F0E137}.Debug|x86.ActiveCfg = Debug|x86
		{03E7490D-1FB2-4E59-8B83-8DD3A6F0E137}.Debug|x86.Build.0 = Debug|x86
		{03E7490D-1FB2-4E59-8B83-8DD3A6F0E137}.Deploy|Any CPU.ActiveCfg = Deploy|Any CPU
		{03E7490D-1FB2-4E59-8B83-8DD3A6F0E137}.Deploy|Any CPU.Build.0 = Deploy|Any CPU
		{03E7490D-1FB2-4E59-8B83-8DD3A6F0E137}.Deploy|x86.ActiveCfg = Deploy|x86
		{03E7490D-1FB2-4E59-8B83-8DD3A6F0E137}.Deploy|x86.Build.0 = Deploy|x86
		{03E7490D-1FB2-4E59-8B83-8DD3A6F0E137}.Release|Any CPU.ActiveCfg = Release|Any CPU
		{03E7490D-1FB2-4E59-8B83-8DD3A6F0E137}.Release|Any CPU.Build.0 = Release|Any CPU
		{03E7490D-1FB2-4E59-8B83-8DD3A6F0E137}.Release|iPhone.ActiveCfg = Release|Any CPU
		{03E7490D-1FB2-4E59-8B83-8DD3A6F0E137}.Release|iPhone.Build.0 = Release|Any CPU
		{03E7490D-1FB2-4E59-8B83-8DD3A6F0E137}.Release|iPhoneSimulator.ActiveCfg = Release|Any CPU
		{03E7490D-1FB2-4E59-8B83-8DD3A6F0E137}.Release|iPhoneSimulator.Build.0 = Release|Any CPU
		{03E7490D-1FB2-4E59-8B83-8DD3A6F0E137}.Release|x86.ActiveCfg = Release|x86
		{03E7490D-1FB2-4E59-8B83-8DD3A6F0E137}.Release|x86.Build.0 = Release|x86
		{18CF941C-8824-4B37-8344-500A7353A45E}.Debug|Any CPU.ActiveCfg = Debug|Any CPU
		{18CF941C-8824-4B37-8344-500A7353A45E}.Debug|Any CPU.Build.0 = Debug|Any CPU
		{18CF941C-8824-4B37-8344-500A7353A45E}.Debug|x86.ActiveCfg = Debug|Any CPU
		{18CF941C-8824-4B37-8344-500A7353A45E}.Debug|x86.Build.0 = Debug|Any CPU
		{18CF941C-8824-4B37-8344-500A7353A45E}.Deploy|Any CPU.ActiveCfg = Deploy|Any CPU
		{18CF941C-8824-4B37-8344-500A7353A45E}.Deploy|Any CPU.Build.0 = Deploy|Any CPU
		{18CF941C-8824-4B37-8344-500A7353A45E}.Deploy|x86.ActiveCfg = Deploy|Any CPU
		{18CF941C-8824-4B37-8344-500A7353A45E}.Deploy|x86.Build.0 = Deploy|Any CPU
		{18CF941C-8824-4B37-8344-500A7353A45E}.Release|Any CPU.ActiveCfg = Release|Any CPU
		{18CF941C-8824-4B37-8344-500A7353A45E}.Release|Any CPU.Build.0 = Release|Any CPU
		{18CF941C-8824-4B37-8344-500A7353A45E}.Release|x86.ActiveCfg = Release|Any CPU
		{18CF941C-8824-4B37-8344-500A7353A45E}.Release|x86.Build.0 = Release|Any CPU
		{353B6E1B-1415-4010-BABF-924C7158FC58}.Debug|Any CPU.ActiveCfg = Debug|Any CPU
		{353B6E1B-1415-4010-BABF-924C7158FC58}.Debug|Any CPU.Build.0 = Debug|Any CPU
		{353B6E1B-1415-4010-BABF-924C7158FC58}.Debug|x86.ActiveCfg = Debug|Any CPU
		{353B6E1B-1415-4010-BABF-924C7158FC58}.Debug|x86.Build.0 = Debug|Any CPU
		{353B6E1B-1415-4010-BABF-924C7158FC58}.Deploy|Any CPU.ActiveCfg = Deploy|Any CPU
		{353B6E1B-1415-4010-BABF-924C7158FC58}.Deploy|Any CPU.Build.0 = Deploy|Any CPU
		{353B6E1B-1415-4010-BABF-924C7158FC58}.Deploy|x86.ActiveCfg = Deploy|Any CPU
		{353B6E1B-1415-4010-BABF-924C7158FC58}.Deploy|x86.Build.0 = Deploy|Any CPU
		{353B6E1B-1415-4010-BABF-924C7158FC58}.Release|Any CPU.ActiveCfg = Release|Any CPU
		{353B6E1B-1415-4010-BABF-924C7158FC58}.Release|Any CPU.Build.0 = Release|Any CPU
		{353B6E1B-1415-4010-BABF-924C7158FC58}.Release|x86.ActiveCfg = Release|Any CPU
		{353B6E1B-1415-4010-BABF-924C7158FC58}.Release|x86.Build.0 = Release|Any CPU
		{F726A9C5-3C1F-4082-AEC2-8B642AB3EA69}.Debug|Any CPU.ActiveCfg = Debug|Any CPU
		{F726A9C5-3C1F-4082-AEC2-8B642AB3EA69}.Debug|Any CPU.Build.0 = Debug|Any CPU
		{F726A9C5-3C1F-4082-AEC2-8B642AB3EA69}.Debug|iPhone.ActiveCfg = Debug|Any CPU
		{F726A9C5-3C1F-4082-AEC2-8B642AB3EA69}.Debug|iPhone.Build.0 = Debug|Any CPU
		{F726A9C5-3C1F-4082-AEC2-8B642AB3EA69}.Debug|iPhoneSimulator.ActiveCfg = Debug|Any CPU
		{F726A9C5-3C1F-4082-AEC2-8B642AB3EA69}.Debug|iPhoneSimulator.Build.0 = Debug|Any CPU
		{F726A9C5-3C1F-4082-AEC2-8B642AB3EA69}.Debug|x86.ActiveCfg = Debug|Any CPU
		{F726A9C5-3C1F-4082-AEC2-8B642AB3EA69}.Debug|x86.Build.0 = Debug|Any CPU
		{F726A9C5-3C1F-4082-AEC2-8B642AB3EA69}.Deploy|Any CPU.ActiveCfg = Deploy|Any CPU
		{F726A9C5-3C1F-4082-AEC2-8B642AB3EA69}.Deploy|Any CPU.Build.0 = Deploy|Any CPU
		{F726A9C5-3C1F-4082-AEC2-8B642AB3EA69}.Deploy|x86.ActiveCfg = Deploy|Any CPU
		{F726A9C5-3C1F-4082-AEC2-8B642AB3EA69}.Deploy|x86.Build.0 = Deploy|Any CPU
		{F726A9C5-3C1F-4082-AEC2-8B642AB3EA69}.Release|Any CPU.ActiveCfg = Release|Any CPU
		{F726A9C5-3C1F-4082-AEC2-8B642AB3EA69}.Release|Any CPU.Build.0 = Release|Any CPU
		{F726A9C5-3C1F-4082-AEC2-8B642AB3EA69}.Release|iPhone.ActiveCfg = Release|Any CPU
		{F726A9C5-3C1F-4082-AEC2-8B642AB3EA69}.Release|iPhone.Build.0 = Release|Any CPU
		{F726A9C5-3C1F-4082-AEC2-8B642AB3EA69}.Release|iPhoneSimulator.ActiveCfg = Release|Any CPU
		{F726A9C5-3C1F-4082-AEC2-8B642AB3EA69}.Release|iPhoneSimulator.Build.0 = Release|Any CPU
		{F726A9C5-3C1F-4082-AEC2-8B642AB3EA69}.Release|x86.ActiveCfg = Release|Any CPU
		{F726A9C5-3C1F-4082-AEC2-8B642AB3EA69}.Release|x86.Build.0 = Release|Any CPU
		{AAF78D53-A1DA-424A-B1AA-09895EAB3B2B}.Debug|Any CPU.ActiveCfg = Debug|Any CPU
		{AAF78D53-A1DA-424A-B1AA-09895EAB3B2B}.Debug|Any CPU.Build.0 = Debug|Any CPU
		{AAF78D53-A1DA-424A-B1AA-09895EAB3B2B}.Debug|x86.ActiveCfg = Debug|x86
		{AAF78D53-A1DA-424A-B1AA-09895EAB3B2B}.Debug|x86.Build.0 = Debug|x86
		{AAF78D53-A1DA-424A-B1AA-09895EAB3B2B}.Deploy|Any CPU.ActiveCfg = Deploy|Any CPU
		{AAF78D53-A1DA-424A-B1AA-09895EAB3B2B}.Deploy|Any CPU.Build.0 = Deploy|Any CPU
		{AAF78D53-A1DA-424A-B1AA-09895EAB3B2B}.Deploy|x86.ActiveCfg = Deploy|x86
		{AAF78D53-A1DA-424A-B1AA-09895EAB3B2B}.Deploy|x86.Build.0 = Deploy|x86
		{AAF78D53-A1DA-424A-B1AA-09895EAB3B2B}.Release|Any CPU.ActiveCfg = Release|Any CPU
		{AAF78D53-A1DA-424A-B1AA-09895EAB3B2B}.Release|Any CPU.Build.0 = Release|Any CPU
		{AAF78D53-A1DA-424A-B1AA-09895EAB3B2B}.Release|x86.ActiveCfg = Release|x86
		{AAF78D53-A1DA-424A-B1AA-09895EAB3B2B}.Release|x86.Build.0 = Release|x86
		{FA50E172-836B-47BB-8745-60595E4FB12A}.Debug|Any CPU.ActiveCfg = Debug|Any CPU
		{FA50E172-836B-47BB-8745-60595E4FB12A}.Debug|Any CPU.Build.0 = Debug|Any CPU
		{FA50E172-836B-47BB-8745-60595E4FB12A}.Debug|x86.ActiveCfg = Debug|Any CPU
		{FA50E172-836B-47BB-8745-60595E4FB12A}.Debug|x86.Build.0 = Debug|Any CPU
		{FA50E172-836B-47BB-8745-60595E4FB12A}.Deploy|Any CPU.ActiveCfg = Deploy|Any CPU
		{FA50E172-836B-47BB-8745-60595E4FB12A}.Deploy|Any CPU.Build.0 = Deploy|Any CPU
		{FA50E172-836B-47BB-8745-60595E4FB12A}.Deploy|x86.ActiveCfg = Deploy|Any CPU
		{FA50E172-836B-47BB-8745-60595E4FB12A}.Deploy|x86.Build.0 = Deploy|Any CPU
		{FA50E172-836B-47BB-8745-60595E4FB12A}.Release|Any CPU.ActiveCfg = Release|Any CPU
		{FA50E172-836B-47BB-8745-60595E4FB12A}.Release|Any CPU.Build.0 = Release|Any CPU
		{FA50E172-836B-47BB-8745-60595E4FB12A}.Release|x86.ActiveCfg = Release|Any CPU
		{FA50E172-836B-47BB-8745-60595E4FB12A}.Release|x86.Build.0 = Release|Any CPU
		{9D065A48-71D9-4F83-8428-2EE88405F05B}.Debug|Any CPU.ActiveCfg = Debug|Any CPU
		{9D065A48-71D9-4F83-8428-2EE88405F05B}.Debug|Any CPU.Build.0 = Debug|Any CPU
		{9D065A48-71D9-4F83-8428-2EE88405F05B}.Debug|x86.ActiveCfg = Debug|Any CPU
		{9D065A48-71D9-4F83-8428-2EE88405F05B}.Debug|x86.Build.0 = Debug|Any CPU
		{9D065A48-71D9-4F83-8428-2EE88405F05B}.Deploy|Any CPU.ActiveCfg = Deploy|Any CPU
		{9D065A48-71D9-4F83-8428-2EE88405F05B}.Deploy|Any CPU.Build.0 = Deploy|Any CPU
		{9D065A48-71D9-4F83-8428-2EE88405F05B}.Deploy|x86.ActiveCfg = Deploy|Any CPU
		{9D065A48-71D9-4F83-8428-2EE88405F05B}.Deploy|x86.Build.0 = Deploy|Any CPU
		{9D065A48-71D9-4F83-8428-2EE88405F05B}.Release|Any CPU.ActiveCfg = Release|Any CPU
		{9D065A48-71D9-4F83-8428-2EE88405F05B}.Release|Any CPU.Build.0 = Release|Any CPU
		{9D065A48-71D9-4F83-8428-2EE88405F05B}.Release|x86.ActiveCfg = Release|Any CPU
		{9D065A48-71D9-4F83-8428-2EE88405F05B}.Release|x86.Build.0 = Release|Any CPU
		{2435BD00-AC12-48B0-AD36-9BAB2FDEC3F5}.Debug|Any CPU.ActiveCfg = Debug|Any CPU
		{2435BD00-AC12-48B0-AD36-9BAB2FDEC3F5}.Debug|Any CPU.Build.0 = Debug|Any CPU
		{2435BD00-AC12-48B0-AD36-9BAB2FDEC3F5}.Debug|x86.ActiveCfg = Debug|Any CPU
		{2435BD00-AC12-48B0-AD36-9BAB2FDEC3F5}.Debug|x86.Build.0 = Debug|Any CPU
		{2435BD00-AC12-48B0-AD36-9BAB2FDEC3F5}.Deploy|Any CPU.ActiveCfg = Deploy|Any CPU
		{2435BD00-AC12-48B0-AD36-9BAB2FDEC3F5}.Deploy|Any CPU.Build.0 = Deploy|Any CPU
		{2435BD00-AC12-48B0-AD36-9BAB2FDEC3F5}.Deploy|x86.ActiveCfg = Deploy|Any CPU
		{2435BD00-AC12-48B0-AD36-9BAB2FDEC3F5}.Deploy|x86.Build.0 = Deploy|Any CPU
		{2435BD00-AC12-48B0-AD36-9BAB2FDEC3F5}.Release|Any CPU.ActiveCfg = Release|Any CPU
		{2435BD00-AC12-48B0-AD36-9BAB2FDEC3F5}.Release|Any CPU.Build.0 = Release|Any CPU
		{2435BD00-AC12-48B0-AD36-9BAB2FDEC3F5}.Release|x86.ActiveCfg = Release|Any CPU
		{2435BD00-AC12-48B0-AD36-9BAB2FDEC3F5}.Release|x86.Build.0 = Release|Any CPU
		{1DD240B0-72D7-431D-A561-AC2902EB47C7}.Debug|Any CPU.ActiveCfg = Debug|Any CPU
		{1DD240B0-72D7-431D-A561-AC2902EB47C7}.Debug|Any CPU.Build.0 = Debug|Any CPU
		{1DD240B0-72D7-431D-A561-AC2902EB47C7}.Debug|x86.ActiveCfg = Debug|Any CPU
		{1DD240B0-72D7-431D-A561-AC2902EB47C7}.Debug|x86.Build.0 = Debug|Any CPU
		{1DD240B0-72D7-431D-A561-AC2902EB47C7}.Deploy|Any CPU.ActiveCfg = Debug|Any CPU
		{1DD240B0-72D7-431D-A561-AC2902EB47C7}.Deploy|Any CPU.Build.0 = Debug|Any CPU
		{1DD240B0-72D7-431D-A561-AC2902EB47C7}.Deploy|x86.ActiveCfg = Debug|Any CPU
		{1DD240B0-72D7-431D-A561-AC2902EB47C7}.Deploy|x86.Build.0 = Debug|Any CPU
		{1DD240B0-72D7-431D-A561-AC2902EB47C7}.Release|Any CPU.ActiveCfg = Release|Any CPU
		{1DD240B0-72D7-431D-A561-AC2902EB47C7}.Release|Any CPU.Build.0 = Release|Any CPU
		{1DD240B0-72D7-431D-A561-AC2902EB47C7}.Release|x86.ActiveCfg = Release|Any CPU
		{1DD240B0-72D7-431D-A561-AC2902EB47C7}.Release|x86.Build.0 = Release|Any CPU
		{B4F13C01-BD76-4800-B7A4-CBF31B6BAA28}.Debug|Any CPU.ActiveCfg = Debug|Any CPU
		{B4F13C01-BD76-4800-B7A4-CBF31B6BAA28}.Debug|Any CPU.Build.0 = Debug|Any CPU
		{B4F13C01-BD76-4800-B7A4-CBF31B6BAA28}.Debug|x86.ActiveCfg = Debug|Any CPU
		{B4F13C01-BD76-4800-B7A4-CBF31B6BAA28}.Debug|x86.Build.0 = Debug|Any CPU
		{B4F13C01-BD76-4800-B7A4-CBF31B6BAA28}.Deploy|Any CPU.ActiveCfg = Debug|Any CPU
		{B4F13C01-BD76-4800-B7A4-CBF31B6BAA28}.Deploy|Any CPU.Build.0 = Debug|Any CPU
		{B4F13C01-BD76-4800-B7A4-CBF31B6BAA28}.Deploy|x86.ActiveCfg = Debug|Any CPU
		{B4F13C01-BD76-4800-B7A4-CBF31B6BAA28}.Deploy|x86.Build.0 = Debug|Any CPU
		{B4F13C01-BD76-4800-B7A4-CBF31B6BAA28}.Release|Any CPU.ActiveCfg = Release|Any CPU
		{B4F13C01-BD76-4800-B7A4-CBF31B6BAA28}.Release|Any CPU.Build.0 = Release|Any CPU
		{B4F13C01-BD76-4800-B7A4-CBF31B6BAA28}.Release|x86.ActiveCfg = Release|Any CPU
		{B4F13C01-BD76-4800-B7A4-CBF31B6BAA28}.Release|x86.Build.0 = Release|Any CPU
	EndGlobalSection
	GlobalSection(SolutionProperties) = preSolution
		HideSolutionNode = FALSE
	EndGlobalSection
EndGlobal
