
Microsoft Visual Studio Solution File, Format Version 12.00
# Visual Studio 14
VisualStudioVersion = 14.0.25123.0
MinimumVisualStudioVersion = 10.0.40219.1
Project("{FAE04EC0-301F-11D3-BF4B-00C04F79EFBC}") = "HotsBpHelper", "HotsBpHelper\HotsBpHelper.csproj", "{03E7490D-1FB2-4E59-8B83-8DD3A6F0E137}"
EndProject
Project("{FAE04EC0-301F-11D3-BF4B-00C04F79EFBC}") = "DotNetHelper", "DotNetHelper\DotNetHelper.csproj", "{353B6E1B-1415-4010-BABF-924C7158FC58}"
EndProject
Project("{FAE04EC0-301F-11D3-BF4B-00C04F79EFBC}") = "ImageProcessor", "ImageProcessor\ImageProcessor.csproj", "{F726A9C5-3C1F-4082-AEC2-8B642AB3EA69}"
EndProject
Project("{2150E333-8FDC-42A3-9474-1A3956D46DE8}") = "Solution Items", "Solution Items", "{12085F61-C2B8-4C70-9EFC-2EE2F7DD2AF9}"
	ProjectSection(SolutionItems) = preProject
		Performance1.psess = Performance1.psess
	EndProjectSection
EndProject
Project("{FAE04EC0-301F-11D3-BF4B-00C04F79EFBC}") = "BpHelperMonitor", "BpHelperMonitor\BpHelperMonitor.csproj", "{B4F13C01-BD76-4800-B7A4-CBF31B6BAA28}"
EndProject
Project("{FAE04EC0-301F-11D3-BF4B-00C04F79EFBC}") = "ServiceUninstaller", "ServiceUninstaller\ServiceUninstaller.csproj", "{A9D0A7EB-3C3B-42EE-B4F2-BDFE28991CBE}"
EndProject
Global
	GlobalSection(SolutionConfigurationPlatforms) = preSolution
		Debug|x86 = Debug|x86
		Deploy|x86 = Deploy|x86
		Release|x86 = Release|x86
	EndGlobalSection
	GlobalSection(ProjectConfigurationPlatforms) = postSolution
		{03E7490D-1FB2-4E59-8B83-8DD3A6F0E137}.Debug|x86.ActiveCfg = Debug|x86
		{03E7490D-1FB2-4E59-8B83-8DD3A6F0E137}.Debug|x86.Build.0 = Debug|x86
		{03E7490D-1FB2-4E59-8B83-8DD3A6F0E137}.Deploy|x86.ActiveCfg = Deploy|x86
		{03E7490D-1FB2-4E59-8B83-8DD3A6F0E137}.Deploy|x86.Build.0 = Deploy|x86
		{03E7490D-1FB2-4E59-8B83-8DD3A6F0E137}.Release|x86.ActiveCfg = Release|x86
		{03E7490D-1FB2-4E59-8B83-8DD3A6F0E137}.Release|x86.Build.0 = Release|x86
		{353B6E1B-1415-4010-BABF-924C7158FC58}.Debug|x86.ActiveCfg = Debug|Any CPU
		{353B6E1B-1415-4010-BABF-924C7158FC58}.Debug|x86.Build.0 = Debug|Any CPU
		{353B6E1B-1415-4010-BABF-924C7158FC58}.Deploy|x86.ActiveCfg = Deploy|Any CPU
		{353B6E1B-1415-4010-BABF-924C7158FC58}.Deploy|x86.Build.0 = Deploy|Any CPU
		{353B6E1B-1415-4010-BABF-924C7158FC58}.Release|x86.ActiveCfg = Release|Any CPU
		{353B6E1B-1415-4010-BABF-924C7158FC58}.Release|x86.Build.0 = Release|Any CPU
		{F726A9C5-3C1F-4082-AEC2-8B642AB3EA69}.Debug|x86.ActiveCfg = Debug|Any CPU
		{F726A9C5-3C1F-4082-AEC2-8B642AB3EA69}.Debug|x86.Build.0 = Debug|Any CPU
		{F726A9C5-3C1F-4082-AEC2-8B642AB3EA69}.Deploy|x86.ActiveCfg = Deploy|Any CPU
		{F726A9C5-3C1F-4082-AEC2-8B642AB3EA69}.Deploy|x86.Build.0 = Deploy|Any CPU
		{F726A9C5-3C1F-4082-AEC2-8B642AB3EA69}.Release|x86.ActiveCfg = Release|Any CPU
		{F726A9C5-3C1F-4082-AEC2-8B642AB3EA69}.Release|x86.Build.0 = Release|Any CPU
		{B4F13C01-BD76-4800-B7A4-CBF31B6BAA28}.Debug|x86.ActiveCfg = Debug|Any CPU
		{B4F13C01-BD76-4800-B7A4-CBF31B6BAA28}.Debug|x86.Build.0 = Debug|Any CPU
		{B4F13C01-BD76-4800-B7A4-CBF31B6BAA28}.Deploy|x86.ActiveCfg = Debug|Any CPU
		{B4F13C01-BD76-4800-B7A4-CBF31B6BAA28}.Deploy|x86.Build.0 = Debug|Any CPU
		{B4F13C01-BD76-4800-B7A4-CBF31B6BAA28}.Release|x86.ActiveCfg = Release|Any CPU
		{B4F13C01-BD76-4800-B7A4-CBF31B6BAA28}.Release|x86.Build.0 = Release|Any CPU
		{A9D0A7EB-3C3B-42EE-B4F2-BDFE28991CBE}.Debug|x86.ActiveCfg = Debug|Any CPU
		{A9D0A7EB-3C3B-42EE-B4F2-BDFE28991CBE}.Debug|x86.Build.0 = Debug|Any CPU
		{A9D0A7EB-3C3B-42EE-B4F2-BDFE28991CBE}.Deploy|x86.ActiveCfg = Debug|Any CPU
		{A9D0A7EB-3C3B-42EE-B4F2-BDFE28991CBE}.Deploy|x86.Build.0 = Debug|Any CPU
		{A9D0A7EB-3C3B-42EE-B4F2-BDFE28991CBE}.Release|x86.ActiveCfg = Release|Any CPU
		{A9D0A7EB-3C3B-42EE-B4F2-BDFE28991CBE}.Release|x86.Build.0 = Release|Any CPU
	EndGlobalSection
	GlobalSection(SolutionProperties) = preSolution
		HideSolutionNode = FALSE
	EndGlobalSection
	GlobalSection(ExtensibilityGlobals) = postSolution
		SolutionGuid = {3D9F3B97-2A98-4B68-ACBF-E69D90C29A5D}
	EndGlobalSection
EndGlobal
